// !$*UTF8*$!
{
	archiveVersion = 1;
	classes = {
	};
	objectVersion = 50;
	objects = {

/* Begin PBXBuildFile section */
		11EB360772825B7A84213734 /* SystemConfiguration.framework in Frameworks */ = {isa = PBXBuildFile; fileRef = A9CDFC3435E4C50B82C14735 /* SystemConfiguration.framework */; };
		27D4C22815BC03164E615E73 /* CoreVideo.framework in Frameworks */ = {isa = PBXBuildFile; fileRef = C551BDAE776314766A6F8449 /* CoreVideo.framework */; };
		2E3013EE1D228FCC007082AF /* Interface.storyboard in Resources */ = {isa = PBXBuildFile; fileRef = 2E3013EC1D228FCC007082AF /* Interface.storyboard */; };
		2E3013F01D228FCC007082AF /* Assets.xcassets in Resources */ = {isa = PBXBuildFile; fileRef = 2E3013EF1D228FCC007082AF /* Assets.xcassets */; };
		2E3013F71D228FCC007082AF /* StormyWatch Extension.appex in Embed App Extensions */ = {isa = PBXBuildFile; fileRef = 2E3013F61D228FCC007082AF /* StormyWatch Extension.appex */; settings = {ATTRIBUTES = (RemoveHeadersOnCopy, ); }; };
		2E3013FE1D228FCC007082AF /* InterfaceController.swift in Sources */ = {isa = PBXBuildFile; fileRef = 2E3013FD1D228FCC007082AF /* InterfaceController.swift */; };
		2E3014001D228FCC007082AF /* ExtensionDelegate.swift in Sources */ = {isa = PBXBuildFile; fileRef = 2E3013FF1D228FCC007082AF /* ExtensionDelegate.swift */; };
		2E3014021D228FCC007082AF /* NotificationController.swift in Sources */ = {isa = PBXBuildFile; fileRef = 2E3014011D228FCC007082AF /* NotificationController.swift */; };
		2E3014041D228FCC007082AF /* Assets.xcassets in Resources */ = {isa = PBXBuildFile; fileRef = 2E3014031D228FCC007082AF /* Assets.xcassets */; };
		2E3014081D228FCC007082AF /* StormyWatch.app in Embed Watch Content */ = {isa = PBXBuildFile; fileRef = 2E3013EA1D228FCC007082AF /* StormyWatch.app */; };
		2E3014131D229472007082AF /* Image.swift in Sources */ = {isa = PBXBuildFile; fileRef = 2E3014121D229472007082AF /* Image.swift */; };
		2E3014141D2294C3007082AF /* Image.swift in Sources */ = {isa = PBXBuildFile; fileRef = 2E3014121D229472007082AF /* Image.swift */; };
		2E3014151D2294DD007082AF /* Current.swift in Sources */ = {isa = PBXBuildFile; fileRef = 97C92D6419C87DF7001C7229 /* Current.swift */; };
		2E3014161D22A977007082AF /* Image.swift in Sources */ = {isa = PBXBuildFile; fileRef = 2E3014121D229472007082AF /* Image.swift */; };
		2E30456F1EAE4C26005A287D /* IntentHandler.swift in Sources */ = {isa = PBXBuildFile; fileRef = 2E30456E1EAE4C26005A287D /* IntentHandler.swift */; };
		2E3045771EAE4C26005A287D /* IntentsUI.framework in Frameworks */ = {isa = PBXBuildFile; fileRef = 2E3045761EAE4C26005A287D /* IntentsUI.framework */; };
		2E30457A1EAE4C26005A287D /* IntentViewController.swift in Sources */ = {isa = PBXBuildFile; fileRef = 2E3045791EAE4C26005A287D /* IntentViewController.swift */; };
		2E30457D1EAE4C26005A287D /* MainInterface.storyboard in Resources */ = {isa = PBXBuildFile; fileRef = 2E30457B1EAE4C26005A287D /* MainInterface.storyboard */; };
		2E3045811EAE4C26005A287D /* StormyIntentUI.appex in Embed App Extensions */ = {isa = PBXBuildFile; fileRef = 2E3045751EAE4C26005A287D /* StormyIntentUI.appex */; settings = {ATTRIBUTES = (RemoveHeadersOnCopy, ); }; };
		2E3045841EAE4C26005A287D /* StormyIntent.appex in Embed App Extensions */ = {isa = PBXBuildFile; fileRef = 2E30456C1EAE4C25005A287D /* StormyIntent.appex */; settings = {ATTRIBUTES = (RemoveHeadersOnCopy, ); }; };
		2E30458D1EAE6C4C005A287D /* Reachability.swift in Sources */ = {isa = PBXBuildFile; fileRef = 2E30458C1EAE6C4C005A287D /* Reachability.swift */; };
		2E30458F1EAE6CF5005A287D /* ServiceError.swift in Sources */ = {isa = PBXBuildFile; fileRef = 2E30458E1EAE6CF5005A287D /* ServiceError.swift */; };
		2E3646251E8AD5DA00C0151A /* NotificationCenter.framework in Frameworks */ = {isa = PBXBuildFile; fileRef = 2E3646241E8AD5DA00C0151A /* NotificationCenter.framework */; };
		2E3646281E8AD5DA00C0151A /* TodayViewController.swift in Sources */ = {isa = PBXBuildFile; fileRef = 2E3646271E8AD5DA00C0151A /* TodayViewController.swift */; };
		2E36462B1E8AD5DA00C0151A /* MainInterface.storyboard in Resources */ = {isa = PBXBuildFile; fileRef = 2E3646291E8AD5DA00C0151A /* MainInterface.storyboard */; };
		2E36462F1E8AD5DA00C0151A /* Stormy Today.appex in Embed App Extensions */ = {isa = PBXBuildFile; fileRef = 2E3646221E8AD5DA00C0151A /* Stormy Today.appex */; settings = {ATTRIBUTES = (RemoveHeadersOnCopy, ); }; };
		2E3646341E8AD80600C0151A /* Current.swift in Sources */ = {isa = PBXBuildFile; fileRef = 97C92D6419C87DF7001C7229 /* Current.swift */; };
		2E3646351E8AD80800C0151A /* Image.swift in Sources */ = {isa = PBXBuildFile; fileRef = 2E3014121D229472007082AF /* Image.swift */; };
		2E3646361E8ADBE500C0151A /* Images.xcassets in Resources */ = {isa = PBXBuildFile; fileRef = 973F803A19C7867F00AC61CE /* Images.xcassets */; };
		2E3646381E8AE1C000C0151A /* Default-568h@2x.png in Resources */ = {isa = PBXBuildFile; fileRef = 2E3646371E8AE1C000C0151A /* Default-568h@2x.png */; };
		2E5629331EB3AE8D0072056F /* CoreLocation.framework in Frameworks */ = {isa = PBXBuildFile; fileRef = 2E5629321EB3AE8D0072056F /* CoreLocation.framework */; };
		2E5A36581EB3A08D00AE9D51 /* MapKit.framework in Frameworks */ = {isa = PBXBuildFile; fileRef = 2E5A36571EB3A08D00AE9D51 /* MapKit.framework */; };
		2E6BA4911EBCB52100AD1DEA /* TemperatureLabel.swift in Sources */ = {isa = PBXBuildFile; fileRef = 2E6BA4901EBCB52100AD1DEA /* TemperatureLabel.swift */; };
		2E6BA4931EBCB53F00AD1DEA /* AppFonts.swift in Sources */ = {isa = PBXBuildFile; fileRef = 2E6BA4921EBCB53F00AD1DEA /* AppFonts.swift */; };
		2E6BA4941EBCB53F00AD1DEA /* AppFonts.swift in Sources */ = {isa = PBXBuildFile; fileRef = 2E6BA4921EBCB53F00AD1DEA /* AppFonts.swift */; };
		2E6BA4951EBCB85000AD1DEA /* TemperatureLabel.swift in Sources */ = {isa = PBXBuildFile; fileRef = 2E6BA4901EBCB52100AD1DEA /* TemperatureLabel.swift */; };
		2E76CDB61EAE29A400587548 /* BackgroundView.swift in Sources */ = {isa = PBXBuildFile; fileRef = 2E76CDB51EAE29A400587548 /* BackgroundView.swift */; };
		2E76CDB71EAE2D1F00587548 /* BackgroundView.swift in Sources */ = {isa = PBXBuildFile; fileRef = 2E76CDB51EAE29A400587548 /* BackgroundView.swift */; };
		2E8668201D14861300FE044F /* AppDelegate.swift in Sources */ = {isa = PBXBuildFile; fileRef = 2E86681F1D14861300FE044F /* AppDelegate.swift */; };
		2E8668251D14861400FE044F /* MainTV.storyboard in Resources */ = {isa = PBXBuildFile; fileRef = 2E8668231D14861400FE044F /* MainTV.storyboard */; };
		2E8668271D14861400FE044F /* Assets.xcassets in Resources */ = {isa = PBXBuildFile; fileRef = 2E8668261D14861400FE044F /* Assets.xcassets */; };
		2E86682F1D1489FB00FE044F /* ViewControllerTV.swift in Sources */ = {isa = PBXBuildFile; fileRef = 2E86682E1D1489FB00FE044F /* ViewControllerTV.swift */; };
		2E8668301D148A8500FE044F /* Current.swift in Sources */ = {isa = PBXBuildFile; fileRef = 97C92D6419C87DF7001C7229 /* Current.swift */; };
		2E8D992E1E85BC0100D0BB91 /* StormyTests.swift in Sources */ = {isa = PBXBuildFile; fileRef = 2E8D992D1E85BC0100D0BB91 /* StormyTests.swift */; };
		2E8D993C1E85C27F00D0BB91 /* mockData.json in Resources */ = {isa = PBXBuildFile; fileRef = 2E8D993B1E85C27F00D0BB91 /* mockData.json */; };
		2EC611B41F27D32F009241DA /* Coordinate.swift in Sources */ = {isa = PBXBuildFile; fileRef = 2EC611B21F27D32F009241DA /* Coordinate.swift */; };
		2EC611B51F27D32F009241DA /* LocationManager.swift in Sources */ = {isa = PBXBuildFile; fileRef = 2EC611B31F27D32F009241DA /* LocationManager.swift */; };
		2EC611B61F27DA6E009241DA /* Coordinate.swift in Sources */ = {isa = PBXBuildFile; fileRef = 2EC611B21F27D32F009241DA /* Coordinate.swift */; };
		2EC611B71F27DA71009241DA /* Coordinate.swift in Sources */ = {isa = PBXBuildFile; fileRef = 2EC611B21F27D32F009241DA /* Coordinate.swift */; };
		2EC611B81F27DA7E009241DA /* LocationManager.swift in Sources */ = {isa = PBXBuildFile; fileRef = 2EC611B31F27D32F009241DA /* LocationManager.swift */; };
		2EC611B91F27DA7F009241DA /* LocationManager.swift in Sources */ = {isa = PBXBuildFile; fileRef = 2EC611B31F27D32F009241DA /* LocationManager.swift */; };
		2EC611BA1F27DA8D009241DA /* Reachability.swift in Sources */ = {isa = PBXBuildFile; fileRef = 2E30458C1EAE6C4C005A287D /* Reachability.swift */; };
		2EC611BB1F27DA9A009241DA /* ServiceError.swift in Sources */ = {isa = PBXBuildFile; fileRef = 2E30458E1EAE6CF5005A287D /* ServiceError.swift */; };
		2EC611BC1F27DA9A009241DA /* ServiceError.swift in Sources */ = {isa = PBXBuildFile; fileRef = 2E30458E1EAE6CF5005A287D /* ServiceError.swift */; };
		3915E84FBCB57B0204766D33 /* CoreTelephony.framework in Frameworks */ = {isa = PBXBuildFile; fileRef = 87A5B63DAB0532F478B04DD5 /* CoreTelephony.framework */; };
		4B830C243ABCC6A26627F797 /* CoreText.framework in Frameworks */ = {isa = PBXBuildFile; fileRef = 47E3CC963737A0EA8FAFBA60 /* CoreText.framework */; };
		693B9CF8563310A91D6362B9 /* AVFoundation.framework in Frameworks */ = {isa = PBXBuildFile; fileRef = A961150812E7449ADE8D6EAE /* AVFoundation.framework */; };
		8CA16A3394AA986A6C9B0AE4 /* AssetsLibrary.framework in Frameworks */ = {isa = PBXBuildFile; fileRef = E52BFE10C41CD6AAC53A596C /* AssetsLibrary.framework */; };
		973F803419C7867F00AC61CE /* AppDelegate.swift in Sources */ = {isa = PBXBuildFile; fileRef = 973F803319C7867F00AC61CE /* AppDelegate.swift */; };
		973F803619C7867F00AC61CE /* ViewController.swift in Sources */ = {isa = PBXBuildFile; fileRef = 973F803519C7867F00AC61CE /* ViewController.swift */; };
		973F803919C7867F00AC61CE /* Main.storyboard in Resources */ = {isa = PBXBuildFile; fileRef = 973F803719C7867F00AC61CE /* Main.storyboard */; };
		973F803B19C7867F00AC61CE /* Images.xcassets in Resources */ = {isa = PBXBuildFile; fileRef = 973F803A19C7867F00AC61CE /* Images.xcassets */; };
		973F803E19C7867F00AC61CE /* LaunchScreen.xib in Resources */ = {isa = PBXBuildFile; fileRef = 973F803C19C7867F00AC61CE /* LaunchScreen.xib */; };
		97C92D6519C87DF7001C7229 /* Current.swift in Sources */ = {isa = PBXBuildFile; fileRef = 97C92D6419C87DF7001C7229 /* Current.swift */; };
		B0C53409B08C17B3DC11D0B0 /* QuartzCore.framework in Frameworks */ = {isa = PBXBuildFile; fileRef = 6985F18C1A522A4FF5DCC178 /* QuartzCore.framework */; };
		CC0B5DC8908E0D7732A2BD0C /* CoreMedia.framework in Frameworks */ = {isa = PBXBuildFile; fileRef = C419F6016F5038DFE85B6648 /* CoreMedia.framework */; };
/* End PBXBuildFile section */

/* Begin PBXContainerItemProxy section */
		2E3013F81D228FCC007082AF /* PBXContainerItemProxy */ = {
			isa = PBXContainerItemProxy;
			containerPortal = 973F802619C7867F00AC61CE /* Project object */;
			proxyType = 1;
			remoteGlobalIDString = 2E3013F51D228FCC007082AF;
			remoteInfo = "StormyWatch Extension";
		};
		2E3014061D228FCC007082AF /* PBXContainerItemProxy */ = {
			isa = PBXContainerItemProxy;
			containerPortal = 973F802619C7867F00AC61CE /* Project object */;
			proxyType = 1;
			remoteGlobalIDString = 2E3013E91D228FCC007082AF;
			remoteInfo = StormyWatch;
		};
		2E30457F1EAE4C26005A287D /* PBXContainerItemProxy */ = {
			isa = PBXContainerItemProxy;
			containerPortal = 973F802619C7867F00AC61CE /* Project object */;
			proxyType = 1;
			remoteGlobalIDString = 2E3045741EAE4C26005A287D;
			remoteInfo = StormyIntentUI;
		};
		2E3045821EAE4C26005A287D /* PBXContainerItemProxy */ = {
			isa = PBXContainerItemProxy;
			containerPortal = 973F802619C7867F00AC61CE /* Project object */;
			proxyType = 1;
			remoteGlobalIDString = 2E30456B1EAE4C25005A287D;
			remoteInfo = StormyIntent;
		};
		2E36462D1E8AD5DA00C0151A /* PBXContainerItemProxy */ = {
			isa = PBXContainerItemProxy;
			containerPortal = 973F802619C7867F00AC61CE /* Project object */;
			proxyType = 1;
			remoteGlobalIDString = 2E3646211E8AD5DA00C0151A;
			remoteInfo = "Stormy Today";
		};
		2E8D99301E85BC0100D0BB91 /* PBXContainerItemProxy */ = {
			isa = PBXContainerItemProxy;
			containerPortal = 973F802619C7867F00AC61CE /* Project object */;
			proxyType = 1;
			remoteGlobalIDString = 973F802D19C7867F00AC61CE;
			remoteInfo = Stormy;
		};
/* End PBXContainerItemProxy section */

/* Begin PBXCopyFilesBuildPhase section */
		2E30140E1D228FCC007082AF /* Embed App Extensions */ = {
			isa = PBXCopyFilesBuildPhase;
			buildActionMask = 2147483647;
			dstPath = "";
			dstSubfolderSpec = 13;
			files = (
				2E3013F71D228FCC007082AF /* StormyWatch Extension.appex in Embed App Extensions */,
			);
			name = "Embed App Extensions";
			runOnlyForDeploymentPostprocessing = 0;
		};
		2E3014101D228FCC007082AF /* Embed Watch Content */ = {
			isa = PBXCopyFilesBuildPhase;
			buildActionMask = 2147483647;
			dstPath = "$(CONTENTS_FOLDER_PATH)/Watch";
			dstSubfolderSpec = 16;
			files = (
				2E3014081D228FCC007082AF /* StormyWatch.app in Embed Watch Content */,
			);
			name = "Embed Watch Content";
			runOnlyForDeploymentPostprocessing = 0;
		};
		2E3646331E8AD5DA00C0151A /* Embed App Extensions */ = {
			isa = PBXCopyFilesBuildPhase;
			buildActionMask = 2147483647;
			dstPath = "";
			dstSubfolderSpec = 13;
			files = (
				2E3045841EAE4C26005A287D /* StormyIntent.appex in Embed App Extensions */,
				2E3045811EAE4C26005A287D /* StormyIntentUI.appex in Embed App Extensions */,
				2E36462F1E8AD5DA00C0151A /* Stormy Today.appex in Embed App Extensions */,
			);
			name = "Embed App Extensions";
			runOnlyForDeploymentPostprocessing = 0;
		};
/* End PBXCopyFilesBuildPhase section */

/* Begin PBXFileReference section */
		2E3013EA1D228FCC007082AF /* StormyWatch.app */ = {isa = PBXFileReference; explicitFileType = wrapper.application; includeInIndex = 0; path = StormyWatch.app; sourceTree = BUILT_PRODUCTS_DIR; };
		2E3013ED1D228FCC007082AF /* Base */ = {isa = PBXFileReference; lastKnownFileType = file.storyboard; name = Base; path = Base.lproj/Interface.storyboard; sourceTree = "<group>"; };
		2E3013EF1D228FCC007082AF /* Assets.xcassets */ = {isa = PBXFileReference; lastKnownFileType = folder.assetcatalog; path = Assets.xcassets; sourceTree = "<group>"; };
		2E3013F11D228FCC007082AF /* Info.plist */ = {isa = PBXFileReference; lastKnownFileType = text.plist.xml; path = Info.plist; sourceTree = "<group>"; };
		2E3013F61D228FCC007082AF /* StormyWatch Extension.appex */ = {isa = PBXFileReference; explicitFileType = "wrapper.app-extension"; includeInIndex = 0; path = "StormyWatch Extension.appex"; sourceTree = BUILT_PRODUCTS_DIR; };
		2E3013FC1D228FCC007082AF /* PushNotificationPayload.apns */ = {isa = PBXFileReference; lastKnownFileType = text; path = PushNotificationPayload.apns; sourceTree = "<group>"; };
		2E3013FD1D228FCC007082AF /* InterfaceController.swift */ = {isa = PBXFileReference; lastKnownFileType = sourcecode.swift; path = InterfaceController.swift; sourceTree = "<group>"; };
		2E3013FF1D228FCC007082AF /* ExtensionDelegate.swift */ = {isa = PBXFileReference; lastKnownFileType = sourcecode.swift; path = ExtensionDelegate.swift; sourceTree = "<group>"; };
		2E3014011D228FCC007082AF /* NotificationController.swift */ = {isa = PBXFileReference; lastKnownFileType = sourcecode.swift; path = NotificationController.swift; sourceTree = "<group>"; };
		2E3014031D228FCC007082AF /* Assets.xcassets */ = {isa = PBXFileReference; lastKnownFileType = folder.assetcatalog; path = Assets.xcassets; sourceTree = "<group>"; };
		2E3014051D228FCC007082AF /* Info.plist */ = {isa = PBXFileReference; lastKnownFileType = text.plist.xml; path = Info.plist; sourceTree = "<group>"; };
		2E3014121D229472007082AF /* Image.swift */ = {isa = PBXFileReference; fileEncoding = 4; lastKnownFileType = sourcecode.swift; path = Image.swift; sourceTree = "<group>"; };
		2E30456C1EAE4C25005A287D /* StormyIntent.appex */ = {isa = PBXFileReference; explicitFileType = "wrapper.app-extension"; includeInIndex = 0; path = StormyIntent.appex; sourceTree = BUILT_PRODUCTS_DIR; };
		2E30456E1EAE4C26005A287D /* IntentHandler.swift */ = {isa = PBXFileReference; lastKnownFileType = sourcecode.swift; path = IntentHandler.swift; sourceTree = "<group>"; };
		2E3045701EAE4C26005A287D /* Info.plist */ = {isa = PBXFileReference; lastKnownFileType = text.plist.xml; path = Info.plist; sourceTree = "<group>"; };
		2E3045751EAE4C26005A287D /* StormyIntentUI.appex */ = {isa = PBXFileReference; explicitFileType = "wrapper.app-extension"; includeInIndex = 0; path = StormyIntentUI.appex; sourceTree = BUILT_PRODUCTS_DIR; };
		2E3045761EAE4C26005A287D /* IntentsUI.framework */ = {isa = PBXFileReference; lastKnownFileType = wrapper.framework; name = IntentsUI.framework; path = System/Library/Frameworks/IntentsUI.framework; sourceTree = SDKROOT; };
		2E3045791EAE4C26005A287D /* IntentViewController.swift */ = {isa = PBXFileReference; lastKnownFileType = sourcecode.swift; path = IntentViewController.swift; sourceTree = "<group>"; };
		2E30457C1EAE4C26005A287D /* Base */ = {isa = PBXFileReference; lastKnownFileType = file.storyboard; name = Base; path = Base.lproj/MainInterface.storyboard; sourceTree = "<group>"; };
		2E30457E1EAE4C26005A287D /* Info.plist */ = {isa = PBXFileReference; lastKnownFileType = text.plist.xml; path = Info.plist; sourceTree = "<group>"; };
		2E30458C1EAE6C4C005A287D /* Reachability.swift */ = {isa = PBXFileReference; fileEncoding = 4; lastKnownFileType = sourcecode.swift; path = Reachability.swift; sourceTree = "<group>"; };
		2E30458E1EAE6CF5005A287D /* ServiceError.swift */ = {isa = PBXFileReference; fileEncoding = 4; lastKnownFileType = sourcecode.swift; path = ServiceError.swift; sourceTree = "<group>"; };
		2E3646221E8AD5DA00C0151A /* Stormy Today.appex */ = {isa = PBXFileReference; explicitFileType = "wrapper.app-extension"; includeInIndex = 0; path = "Stormy Today.appex"; sourceTree = BUILT_PRODUCTS_DIR; };
		2E3646241E8AD5DA00C0151A /* NotificationCenter.framework */ = {isa = PBXFileReference; lastKnownFileType = wrapper.framework; name = NotificationCenter.framework; path = System/Library/Frameworks/NotificationCenter.framework; sourceTree = SDKROOT; };
		2E3646271E8AD5DA00C0151A /* TodayViewController.swift */ = {isa = PBXFileReference; lastKnownFileType = sourcecode.swift; path = TodayViewController.swift; sourceTree = "<group>"; };
		2E36462A1E8AD5DA00C0151A /* Base */ = {isa = PBXFileReference; lastKnownFileType = file.storyboard; name = Base; path = Base.lproj/MainInterface.storyboard; sourceTree = "<group>"; };
		2E36462C1E8AD5DA00C0151A /* Info.plist */ = {isa = PBXFileReference; lastKnownFileType = text.plist.xml; path = Info.plist; sourceTree = "<group>"; };
		2E3646371E8AE1C000C0151A /* Default-568h@2x.png */ = {isa = PBXFileReference; lastKnownFileType = image.png; path = "Default-568h@2x.png"; sourceTree = "<group>"; };
		2E5629321EB3AE8D0072056F /* CoreLocation.framework */ = {isa = PBXFileReference; lastKnownFileType = wrapper.framework; name = CoreLocation.framework; path = System/Library/Frameworks/CoreLocation.framework; sourceTree = SDKROOT; };
		2E5A36571EB3A08D00AE9D51 /* MapKit.framework */ = {isa = PBXFileReference; lastKnownFileType = wrapper.framework; name = MapKit.framework; path = System/Library/Frameworks/MapKit.framework; sourceTree = SDKROOT; };
		2E6BA4901EBCB52100AD1DEA /* TemperatureLabel.swift */ = {isa = PBXFileReference; fileEncoding = 4; lastKnownFileType = sourcecode.swift; path = TemperatureLabel.swift; sourceTree = "<group>"; };
		2E6BA4921EBCB53F00AD1DEA /* AppFonts.swift */ = {isa = PBXFileReference; fileEncoding = 4; lastKnownFileType = sourcecode.swift; path = AppFonts.swift; sourceTree = "<group>"; };
		2E76CDB51EAE29A400587548 /* BackgroundView.swift */ = {isa = PBXFileReference; fileEncoding = 4; lastKnownFileType = sourcecode.swift; path = BackgroundView.swift; sourceTree = "<group>"; };
		2E76CDB81EAE38E700587548 /* Stormy.entitlements */ = {isa = PBXFileReference; lastKnownFileType = text.plist.entitlements; path = Stormy.entitlements; sourceTree = "<group>"; };
		2E76CDB91EAE390300587548 /* Stormy Today.entitlements */ = {isa = PBXFileReference; lastKnownFileType = text.plist.entitlements; path = "Stormy Today.entitlements"; sourceTree = "<group>"; };
		2E86681D1D14861300FE044F /* StormyTV.app */ = {isa = PBXFileReference; explicitFileType = wrapper.application; includeInIndex = 0; path = StormyTV.app; sourceTree = BUILT_PRODUCTS_DIR; };
		2E86681F1D14861300FE044F /* AppDelegate.swift */ = {isa = PBXFileReference; lastKnownFileType = sourcecode.swift; path = AppDelegate.swift; sourceTree = "<group>"; };
		2E8668241D14861400FE044F /* Base */ = {isa = PBXFileReference; lastKnownFileType = file.storyboard; name = Base; path = Base.lproj/MainTV.storyboard; sourceTree = "<group>"; };
		2E8668261D14861400FE044F /* Assets.xcassets */ = {isa = PBXFileReference; lastKnownFileType = folder.assetcatalog; path = Assets.xcassets; sourceTree = "<group>"; };
		2E8668281D14861400FE044F /* Info.plist */ = {isa = PBXFileReference; lastKnownFileType = text.plist.xml; path = Info.plist; sourceTree = "<group>"; };
		2E86682E1D1489FB00FE044F /* ViewControllerTV.swift */ = {isa = PBXFileReference; fileEncoding = 4; lastKnownFileType = sourcecode.swift; path = ViewControllerTV.swift; sourceTree = "<group>"; };
		2E8D992B1E85BC0100D0BB91 /* StormyTests.xctest */ = {isa = PBXFileReference; explicitFileType = wrapper.cfbundle; includeInIndex = 0; path = StormyTests.xctest; sourceTree = BUILT_PRODUCTS_DIR; };
		2E8D992D1E85BC0100D0BB91 /* StormyTests.swift */ = {isa = PBXFileReference; lastKnownFileType = sourcecode.swift; path = StormyTests.swift; sourceTree = "<group>"; };
		2E8D992F1E85BC0100D0BB91 /* Info.plist */ = {isa = PBXFileReference; lastKnownFileType = text.plist.xml; path = Info.plist; sourceTree = "<group>"; };
		2E8D993B1E85C27F00D0BB91 /* mockData.json */ = {isa = PBXFileReference; fileEncoding = 4; lastKnownFileType = text.json; path = mockData.json; sourceTree = "<group>"; };
		2E9796DB1EBBF2A70073EE93 /* Debug.xcconfig */ = {isa = PBXFileReference; lastKnownFileType = text.xcconfig; path = Debug.xcconfig; sourceTree = "<group>"; };
		2E9796DC1EBBF2B00073EE93 /* Development.xcconfig */ = {isa = PBXFileReference; lastKnownFileType = text.xcconfig; path = Development.xcconfig; sourceTree = "<group>"; };
		2E9796DD1EBBF2BB0073EE93 /* Release.xcconfig */ = {isa = PBXFileReference; lastKnownFileType = text.xcconfig; path = Release.xcconfig; sourceTree = "<group>"; };
		2EC611B21F27D32F009241DA /* Coordinate.swift */ = {isa = PBXFileReference; fileEncoding = 4; lastKnownFileType = sourcecode.swift; path = Coordinate.swift; sourceTree = "<group>"; };
		2EC611B31F27D32F009241DA /* LocationManager.swift */ = {isa = PBXFileReference; fileEncoding = 4; lastKnownFileType = sourcecode.swift; path = LocationManager.swift; sourceTree = "<group>"; };
		47E3CC963737A0EA8FAFBA60 /* CoreText.framework */ = {isa = PBXFileReference; lastKnownFileType = wrapper.framework; name = CoreText.framework; path = System/Library/Frameworks/CoreText.framework; sourceTree = SDKROOT; };
		6985F18C1A522A4FF5DCC178 /* QuartzCore.framework */ = {isa = PBXFileReference; lastKnownFileType = wrapper.framework; name = QuartzCore.framework; path = System/Library/Frameworks/QuartzCore.framework; sourceTree = SDKROOT; };
		6C620DE83A1C35DB0CFF590F /* Bridging-Header.h */ = {isa = PBXFileReference; includeInIndex = 1; lastKnownFileType = sourcecode.c.h; path = "Bridging-Header.h"; sourceTree = "<group>"; };
		87A5B63DAB0532F478B04DD5 /* CoreTelephony.framework */ = {isa = PBXFileReference; lastKnownFileType = wrapper.framework; name = CoreTelephony.framework; path = System/Library/Frameworks/CoreTelephony.framework; sourceTree = SDKROOT; };
		973F802E19C7867F00AC61CE /* Stormy.app */ = {isa = PBXFileReference; explicitFileType = wrapper.application; includeInIndex = 0; path = Stormy.app; sourceTree = BUILT_PRODUCTS_DIR; };
		973F803219C7867F00AC61CE /* Info.plist */ = {isa = PBXFileReference; lastKnownFileType = text.plist.xml; path = Info.plist; sourceTree = "<group>"; };
		973F803319C7867F00AC61CE /* AppDelegate.swift */ = {isa = PBXFileReference; lastKnownFileType = sourcecode.swift; name = AppDelegate.swift; path = Stormy/AppDelegate.swift; sourceTree = "<group>"; };
		973F803519C7867F00AC61CE /* ViewController.swift */ = {isa = PBXFileReference; lastKnownFileType = sourcecode.swift; path = ViewController.swift; sourceTree = "<group>"; };
		973F803819C7867F00AC61CE /* Base */ = {isa = PBXFileReference; lastKnownFileType = file.storyboard; name = Base; path = Base.lproj/Main.storyboard; sourceTree = "<group>"; };
		973F803A19C7867F00AC61CE /* Images.xcassets */ = {isa = PBXFileReference; lastKnownFileType = folder.assetcatalog; path = Images.xcassets; sourceTree = "<group>"; };
		973F803D19C7867F00AC61CE /* Base */ = {isa = PBXFileReference; lastKnownFileType = file.xib; name = Base; path = Base.lproj/LaunchScreen.xib; sourceTree = "<group>"; };
		973F804819C7867F00AC61CE /* Info.plist */ = {isa = PBXFileReference; lastKnownFileType = text.plist.xml; path = Info.plist; sourceTree = "<group>"; };
		973F804919C7867F00AC61CE /* StormyTests.swift */ = {isa = PBXFileReference; lastKnownFileType = sourcecode.swift; path = StormyTests.swift; sourceTree = "<group>"; };
		97C92D6419C87DF7001C7229 /* Current.swift */ = {isa = PBXFileReference; fileEncoding = 4; lastKnownFileType = sourcecode.swift; path = Current.swift; sourceTree = "<group>"; };
		A961150812E7449ADE8D6EAE /* AVFoundation.framework */ = {isa = PBXFileReference; lastKnownFileType = wrapper.framework; name = AVFoundation.framework; path = System/Library/Frameworks/AVFoundation.framework; sourceTree = SDKROOT; };
		A9CDFC3435E4C50B82C14735 /* SystemConfiguration.framework */ = {isa = PBXFileReference; lastKnownFileType = wrapper.framework; name = SystemConfiguration.framework; path = System/Library/Frameworks/SystemConfiguration.framework; sourceTree = SDKROOT; };
		C419F6016F5038DFE85B6648 /* CoreMedia.framework */ = {isa = PBXFileReference; lastKnownFileType = wrapper.framework; name = CoreMedia.framework; path = System/Library/Frameworks/CoreMedia.framework; sourceTree = SDKROOT; };
		C551BDAE776314766A6F8449 /* CoreVideo.framework */ = {isa = PBXFileReference; lastKnownFileType = wrapper.framework; name = CoreVideo.framework; path = System/Library/Frameworks/CoreVideo.framework; sourceTree = SDKROOT; };
		E52BFE10C41CD6AAC53A596C /* AssetsLibrary.framework */ = {isa = PBXFileReference; lastKnownFileType = wrapper.framework; name = AssetsLibrary.framework; path = System/Library/Frameworks/AssetsLibrary.framework; sourceTree = SDKROOT; };
/* End PBXFileReference section */

/* Begin PBXFrameworksBuildPhase section */
		2E3013F31D228FCC007082AF /* Frameworks */ = {
			isa = PBXFrameworksBuildPhase;
			buildActionMask = 2147483647;
			files = (
			);
			runOnlyForDeploymentPostprocessing = 0;
		};
		2E3045691EAE4C25005A287D /* Frameworks */ = {
			isa = PBXFrameworksBuildPhase;
			buildActionMask = 2147483647;
			files = (
			);
			runOnlyForDeploymentPostprocessing = 0;
		};
		2E3045721EAE4C26005A287D /* Frameworks */ = {
			isa = PBXFrameworksBuildPhase;
			buildActionMask = 2147483647;
			files = (
				2E3045771EAE4C26005A287D /* IntentsUI.framework in Frameworks */,
			);
			runOnlyForDeploymentPostprocessing = 0;
		};
		2E36461F1E8AD5DA00C0151A /* Frameworks */ = {
			isa = PBXFrameworksBuildPhase;
			buildActionMask = 2147483647;
			files = (
				2E3646251E8AD5DA00C0151A /* NotificationCenter.framework in Frameworks */,
			);
			runOnlyForDeploymentPostprocessing = 0;
		};
		2E86681A1D14861300FE044F /* Frameworks */ = {
			isa = PBXFrameworksBuildPhase;
			buildActionMask = 2147483647;
			files = (
			);
			runOnlyForDeploymentPostprocessing = 0;
		};
		2E8D99281E85BC0100D0BB91 /* Frameworks */ = {
			isa = PBXFrameworksBuildPhase;
			buildActionMask = 2147483647;
			files = (
			);
			runOnlyForDeploymentPostprocessing = 0;
		};
		973F802B19C7867F00AC61CE /* Frameworks */ = {
			isa = PBXFrameworksBuildPhase;
			buildActionMask = 2147483647;
			files = (
				2E5629331EB3AE8D0072056F /* CoreLocation.framework in Frameworks */,
				8CA16A3394AA986A6C9B0AE4 /* AssetsLibrary.framework in Frameworks */,
				2E5A36581EB3A08D00AE9D51 /* MapKit.framework in Frameworks */,
				4B830C243ABCC6A26627F797 /* CoreText.framework in Frameworks */,
				3915E84FBCB57B0204766D33 /* CoreTelephony.framework in Frameworks */,
				11EB360772825B7A84213734 /* SystemConfiguration.framework in Frameworks */,
				B0C53409B08C17B3DC11D0B0 /* QuartzCore.framework in Frameworks */,
				693B9CF8563310A91D6362B9 /* AVFoundation.framework in Frameworks */,
				CC0B5DC8908E0D7732A2BD0C /* CoreMedia.framework in Frameworks */,
				27D4C22815BC03164E615E73 /* CoreVideo.framework in Frameworks */,
			);
			runOnlyForDeploymentPostprocessing = 0;
		};
		C307CE9E53B43DE6EDC3F369 /* Frameworks */ = {
			isa = PBXFrameworksBuildPhase;
			buildActionMask = 2147483647;
			files = (
			);
			runOnlyForDeploymentPostprocessing = 0;
		};
/* End PBXFrameworksBuildPhase section */

/* Begin PBXGroup section */
		2E3013EB1D228FCC007082AF /* StormyWatch */ = {
			isa = PBXGroup;
			children = (
				2E3013EC1D228FCC007082AF /* Interface.storyboard */,
				2E3013EF1D228FCC007082AF /* Assets.xcassets */,
				2E3013F11D228FCC007082AF /* Info.plist */,
			);
			path = StormyWatch;
			sourceTree = "<group>";
		};
		2E3013FA1D228FCC007082AF /* StormyWatch Extension */ = {
			isa = PBXGroup;
			children = (
				2E3013FD1D228FCC007082AF /* InterfaceController.swift */,
				2E3013FF1D228FCC007082AF /* ExtensionDelegate.swift */,
				2E3014011D228FCC007082AF /* NotificationController.swift */,
				2E3014031D228FCC007082AF /* Assets.xcassets */,
				2E3014051D228FCC007082AF /* Info.plist */,
				2E3013FB1D228FCC007082AF /* Supporting Files */,
			);
			path = "StormyWatch Extension";
			sourceTree = "<group>";
		};
		2E3013FB1D228FCC007082AF /* Supporting Files */ = {
			isa = PBXGroup;
			children = (
				2E3013FC1D228FCC007082AF /* PushNotificationPayload.apns */,
			);
			name = "Supporting Files";
			sourceTree = "<group>";
		};
		2E30456D1EAE4C26005A287D /* StormyIntent */ = {
			isa = PBXGroup;
			children = (
				2E30456E1EAE4C26005A287D /* IntentHandler.swift */,
				2E3045701EAE4C26005A287D /* Info.plist */,
			);
			path = StormyIntent;
			sourceTree = "<group>";
		};
		2E3045781EAE4C26005A287D /* StormyIntentUI */ = {
			isa = PBXGroup;
			children = (
				2E3045791EAE4C26005A287D /* IntentViewController.swift */,
				2E30457B1EAE4C26005A287D /* MainInterface.storyboard */,
				2E30457E1EAE4C26005A287D /* Info.plist */,
			);
			path = StormyIntentUI;
			sourceTree = "<group>";
		};
		2E30458B1EAE6776005A287D /* Networking */ = {
			isa = PBXGroup;
			children = (
				2E30458E1EAE6CF5005A287D /* ServiceError.swift */,
				2E30458C1EAE6C4C005A287D /* Reachability.swift */,
			);
			name = Networking;
			sourceTree = "<group>";
		};
		2E3646231E8AD5DA00C0151A /* Frameworks */ = {
			isa = PBXGroup;
			children = (
				2E5629321EB3AE8D0072056F /* CoreLocation.framework */,
				2E5A36571EB3A08D00AE9D51 /* MapKit.framework */,
				2E3646241E8AD5DA00C0151A /* NotificationCenter.framework */,
				E52BFE10C41CD6AAC53A596C /* AssetsLibrary.framework */,
				47E3CC963737A0EA8FAFBA60 /* CoreText.framework */,
				87A5B63DAB0532F478B04DD5 /* CoreTelephony.framework */,
				A9CDFC3435E4C50B82C14735 /* SystemConfiguration.framework */,
				6985F18C1A522A4FF5DCC178 /* QuartzCore.framework */,
				A961150812E7449ADE8D6EAE /* AVFoundation.framework */,
				C419F6016F5038DFE85B6648 /* CoreMedia.framework */,
				C551BDAE776314766A6F8449 /* CoreVideo.framework */,
				2E3045761EAE4C26005A287D /* IntentsUI.framework */,
			);
			name = Frameworks;
			sourceTree = "<group>";
		};
		2E3646261E8AD5DA00C0151A /* Stormy Today */ = {
			isa = PBXGroup;
			children = (
				2E76CDB91EAE390300587548 /* Stormy Today.entitlements */,
				2E3646271E8AD5DA00C0151A /* TodayViewController.swift */,
				2E3646291E8AD5DA00C0151A /* MainInterface.storyboard */,
				2E36462C1E8AD5DA00C0151A /* Info.plist */,
			);
			path = "Stormy Today";
			sourceTree = "<group>";
		};
		2E76CDB41EAE299100587548 /* View */ = {
			isa = PBXGroup;
			children = (
				2E6BA4901EBCB52100AD1DEA /* TemperatureLabel.swift */,
				2E6BA4921EBCB53F00AD1DEA /* AppFonts.swift */,
				2E76CDB51EAE29A400587548 /* BackgroundView.swift */,
				973F803719C7867F00AC61CE /* Main.storyboard */,
				973F803C19C7867F00AC61CE /* LaunchScreen.xib */,
			);
			name = View;
			sourceTree = "<group>";
		};
		2E86681E1D14861300FE044F /* StormyTV */ = {
			isa = PBXGroup;
			children = (
				2E86681F1D14861300FE044F /* AppDelegate.swift */,
				2E8668231D14861400FE044F /* MainTV.storyboard */,
				2E8668261D14861400FE044F /* Assets.xcassets */,
				2E8668281D14861400FE044F /* Info.plist */,
				2E86682E1D1489FB00FE044F /* ViewControllerTV.swift */,
			);
			path = StormyTV;
			sourceTree = "<group>";
		};
		2E8D992C1E85BC0100D0BB91 /* StormyTests */ = {
			isa = PBXGroup;
			children = (
				2E8D992D1E85BC0100D0BB91 /* StormyTests.swift */,
				2E8D992F1E85BC0100D0BB91 /* Info.plist */,
			);
			path = StormyTests;
			sourceTree = "<group>";
		};
		2E9796DA1EBBF2790073EE93 /* Config */ = {
			isa = PBXGroup;
			children = (
				2E9796DB1EBBF2A70073EE93 /* Debug.xcconfig */,
				2E9796DC1EBBF2B00073EE93 /* Development.xcconfig */,
				2E9796DD1EBBF2BB0073EE93 /* Release.xcconfig */,
			);
			name = Config;
			sourceTree = "<group>";
		};
		2EF6B89F1D19BDAB00E47A7D /* Model */ = {
			isa = PBXGroup;
			children = (
				97C92D6419C87DF7001C7229 /* Current.swift */,
				2E3014121D229472007082AF /* Image.swift */,
				2EC611B21F27D32F009241DA /* Coordinate.swift */,
				2EC611B31F27D32F009241DA /* LocationManager.swift */,
			);
			name = Model;
			sourceTree = "<group>";
		};
		2EF6B8A01D19BDB200E47A7D /* Controller */ = {
			isa = PBXGroup;
			children = (
				973F803519C7867F00AC61CE /* ViewController.swift */,
			);
			name = Controller;
			sourceTree = "<group>";
		};
		973F802519C7867F00AC61CE = {
			isa = PBXGroup;
			children = (
				2E3646371E8AE1C000C0151A /* Default-568h@2x.png */,
				973F803319C7867F00AC61CE /* AppDelegate.swift */,
				973F803019C7867F00AC61CE /* Stormy */,
				973F804619C7867F00AC61CE /* StormyTests */,
				2E86681E1D14861300FE044F /* StormyTV */,
				2E3013EB1D228FCC007082AF /* StormyWatch */,
				2E3013FA1D228FCC007082AF /* StormyWatch Extension */,
				2E8D992C1E85BC0100D0BB91 /* StormyTests */,
				2E3646261E8AD5DA00C0151A /* Stormy Today */,
				2E30456D1EAE4C26005A287D /* StormyIntent */,
				2E3045781EAE4C26005A287D /* StormyIntentUI */,
				2E3646231E8AD5DA00C0151A /* Frameworks */,
				973F802F19C7867F00AC61CE /* Products */,
				6C620DE83A1C35DB0CFF590F /* Bridging-Header.h */,
			);
			sourceTree = "<group>";
		};
		973F802F19C7867F00AC61CE /* Products */ = {
			isa = PBXGroup;
			children = (
				973F802E19C7867F00AC61CE /* Stormy.app */,
				2E86681D1D14861300FE044F /* StormyTV.app */,
				2E3013EA1D228FCC007082AF /* StormyWatch.app */,
				2E3013F61D228FCC007082AF /* StormyWatch Extension.appex */,
				2E8D992B1E85BC0100D0BB91 /* StormyTests.xctest */,
				2E3646221E8AD5DA00C0151A /* Stormy Today.appex */,
				2E30456C1EAE4C25005A287D /* StormyIntent.appex */,
				2E3045751EAE4C26005A287D /* StormyIntentUI.appex */,
			);
			name = Products;
			sourceTree = "<group>";
		};
		973F803019C7867F00AC61CE /* Stormy */ = {
			isa = PBXGroup;
			children = (
				2E9796DA1EBBF2790073EE93 /* Config */,
				2E30458B1EAE6776005A287D /* Networking */,
				2E76CDB81EAE38E700587548 /* Stormy.entitlements */,
				2EF6B89F1D19BDAB00E47A7D /* Model */,
				2E76CDB41EAE299100587548 /* View */,
				2EF6B8A01D19BDB200E47A7D /* Controller */,
				973F803A19C7867F00AC61CE /* Images.xcassets */,
				973F803119C7867F00AC61CE /* Supporting Files */,
			);
			path = Stormy;
			sourceTree = "<group>";
		};
		973F803119C7867F00AC61CE /* Supporting Files */ = {
			isa = PBXGroup;
			children = (
				973F803219C7867F00AC61CE /* Info.plist */,
			);
			name = "Supporting Files";
			sourceTree = "<group>";
		};
		973F804619C7867F00AC61CE /* StormyTests */ = {
			isa = PBXGroup;
			children = (
				2E8D993B1E85C27F00D0BB91 /* mockData.json */,
				973F804919C7867F00AC61CE /* StormyTests.swift */,
				973F804719C7867F00AC61CE /* Supporting Files */,
			);
			path = StormyTests;
			sourceTree = "<group>";
		};
		973F804719C7867F00AC61CE /* Supporting Files */ = {
			isa = PBXGroup;
			children = (
				973F804819C7867F00AC61CE /* Info.plist */,
			);
			name = "Supporting Files";
			sourceTree = "<group>";
		};
/* End PBXGroup section */

/* Begin PBXNativeTarget section */
		2E3013E91D228FCC007082AF /* StormyWatch */ = {
			isa = PBXNativeTarget;
			buildConfigurationList = 2E30140F1D228FCC007082AF /* Build configuration list for PBXNativeTarget "StormyWatch" */;
			buildPhases = (
				2E3013E81D228FCC007082AF /* Resources */,
				2E30140E1D228FCC007082AF /* Embed App Extensions */,
				C307CE9E53B43DE6EDC3F369 /* Frameworks */,
			);
			buildRules = (
			);
			dependencies = (
				2E3013F91D228FCC007082AF /* PBXTargetDependency */,
			);
			name = StormyWatch;
			productName = StormyWatch;
			productReference = 2E3013EA1D228FCC007082AF /* StormyWatch.app */;
			productType = "com.apple.product-type.application.watchapp2";
		};
		2E3013F51D228FCC007082AF /* StormyWatch Extension */ = {
			isa = PBXNativeTarget;
			buildConfigurationList = 2E30140D1D228FCC007082AF /* Build configuration list for PBXNativeTarget "StormyWatch Extension" */;
			buildPhases = (
				2E3013F21D228FCC007082AF /* Sources */,
				2E3013F31D228FCC007082AF /* Frameworks */,
				2E3013F41D228FCC007082AF /* Resources */,
			);
			buildRules = (
			);
			dependencies = (
			);
			name = "StormyWatch Extension";
			productName = "StormyWatch Extension";
			productReference = 2E3013F61D228FCC007082AF /* StormyWatch Extension.appex */;
			productType = "com.apple.product-type.watchkit2-extension";
		};
		2E30456B1EAE4C25005A287D /* StormyIntent */ = {
			isa = PBXNativeTarget;
			buildConfigurationList = 2E3045881EAE4C26005A287D /* Build configuration list for PBXNativeTarget "StormyIntent" */;
			buildPhases = (
				2E3045681EAE4C25005A287D /* Sources */,
				2E3045691EAE4C25005A287D /* Frameworks */,
				2E30456A1EAE4C25005A287D /* Resources */,
			);
			buildRules = (
			);
			dependencies = (
			);
			name = StormyIntent;
			productName = StormyIntent;
			productReference = 2E30456C1EAE4C25005A287D /* StormyIntent.appex */;
			productType = "com.apple.product-type.app-extension";
		};
		2E3045741EAE4C26005A287D /* StormyIntentUI */ = {
			isa = PBXNativeTarget;
			buildConfigurationList = 2E3045851EAE4C26005A287D /* Build configuration list for PBXNativeTarget "StormyIntentUI" */;
			buildPhases = (
				2E3045711EAE4C26005A287D /* Sources */,
				2E3045721EAE4C26005A287D /* Frameworks */,
				2E3045731EAE4C26005A287D /* Resources */,
			);
			buildRules = (
			);
			dependencies = (
			);
			name = StormyIntentUI;
			productName = StormyIntentUI;
			productReference = 2E3045751EAE4C26005A287D /* StormyIntentUI.appex */;
			productType = "com.apple.product-type.app-extension";
		};
		2E3646211E8AD5DA00C0151A /* Stormy Today */ = {
			isa = PBXNativeTarget;
			buildConfigurationList = 2E3646321E8AD5DA00C0151A /* Build configuration list for PBXNativeTarget "Stormy Today" */;
			buildPhases = (
				2E36461E1E8AD5DA00C0151A /* Sources */,
				2E36461F1E8AD5DA00C0151A /* Frameworks */,
				2E3646201E8AD5DA00C0151A /* Resources */,
			);
			buildRules = (
			);
			dependencies = (
			);
			name = "Stormy Today";
			productName = "Stormy Today";
			productReference = 2E3646221E8AD5DA00C0151A /* Stormy Today.appex */;
			productType = "com.apple.product-type.app-extension";
		};
		2E86681C1D14861300FE044F /* StormyTV */ = {
			isa = PBXNativeTarget;
			buildConfigurationList = 2E8668291D14861400FE044F /* Build configuration list for PBXNativeTarget "StormyTV" */;
			buildPhases = (
				2E8668191D14861300FE044F /* Sources */,
				2E86681A1D14861300FE044F /* Frameworks */,
				2E86681B1D14861300FE044F /* Resources */,
			);
			buildRules = (
			);
			dependencies = (
			);
			name = StormyTV;
			productName = StormyTV;
			productReference = 2E86681D1D14861300FE044F /* StormyTV.app */;
			productType = "com.apple.product-type.application";
		};
		2E8D992A1E85BC0100D0BB91 /* StormyTests */ = {
			isa = PBXNativeTarget;
			buildConfigurationList = 2E8D99341E85BC0100D0BB91 /* Build configuration list for PBXNativeTarget "StormyTests" */;
			buildPhases = (
				2E8D99271E85BC0100D0BB91 /* Sources */,
				2E8D99281E85BC0100D0BB91 /* Frameworks */,
				2E8D99291E85BC0100D0BB91 /* Resources */,
			);
			buildRules = (
			);
			dependencies = (
				2E8D99311E85BC0100D0BB91 /* PBXTargetDependency */,
			);
			name = StormyTests;
			productName = StormyTests;
			productReference = 2E8D992B1E85BC0100D0BB91 /* StormyTests.xctest */;
			productType = "com.apple.product-type.bundle.unit-test";
		};
		973F802D19C7867F00AC61CE /* Stormy */ = {
			isa = PBXNativeTarget;
			buildConfigurationList = 973F804D19C7867F00AC61CE /* Build configuration list for PBXNativeTarget "Stormy" */;
			buildPhases = (
				973F802A19C7867F00AC61CE /* Sources */,
				973F802B19C7867F00AC61CE /* Frameworks */,
				973F802C19C7867F00AC61CE /* Resources */,
				2E3014101D228FCC007082AF /* Embed Watch Content */,
				2E3646331E8AD5DA00C0151A /* Embed App Extensions */,
			);
			buildRules = (
			);
			dependencies = (
				2E3014071D228FCC007082AF /* PBXTargetDependency */,
				2E36462E1E8AD5DA00C0151A /* PBXTargetDependency */,
				2E3045801EAE4C26005A287D /* PBXTargetDependency */,
				2E3045831EAE4C26005A287D /* PBXTargetDependency */,
			);
			name = Stormy;
			productName = Stormy;
			productReference = 973F802E19C7867F00AC61CE /* Stormy.app */;
			productType = "com.apple.product-type.application";
		};
/* End PBXNativeTarget section */

/* Begin PBXProject section */
		973F802619C7867F00AC61CE /* Project object */ = {
			isa = PBXProject;
			attributes = {
				LastSwiftUpdateCheck = 0830;
				LastUpgradeCheck = 0930;
				ORGANIZATIONNAME = DRL;
				TargetAttributes = {
					2E3013E91D228FCC007082AF = {
						CreatedOnToolsVersion = 7.3.1;
						DevelopmentTeam = MVFU2L7FRK;
						LastSwiftMigration = 0930;
					};
					2E3013F51D228FCC007082AF = {
						CreatedOnToolsVersion = 7.3.1;
						DevelopmentTeam = MVFU2L7FRK;
						LastSwiftMigration = 0930;
					};
					2E30456B1EAE4C25005A287D = {
						CreatedOnToolsVersion = 8.3.2;
						DevelopmentTeam = MVFU2L7FRK;
						LastSwiftMigration = 0930;
						ProvisioningStyle = Automatic;
					};
					2E3045741EAE4C26005A287D = {
						CreatedOnToolsVersion = 8.3.2;
						DevelopmentTeam = MVFU2L7FRK;
						LastSwiftMigration = 0930;
						ProvisioningStyle = Automatic;
						SystemCapabilities = {
							com.apple.Maps.iOS = {
								enabled = 0;
							};
						};
					};
					2E3646211E8AD5DA00C0151A = {
						CreatedOnToolsVersion = 8.3;
						DevelopmentTeam = MVFU2L7FRK;
						LastSwiftMigration = 0930;
						ProvisioningStyle = Automatic;
						SystemCapabilities = {
							com.apple.ApplicationGroups.iOS = {
								enabled = 1;
							};
						};
					};
					2E86681C1D14861300FE044F = {
						CreatedOnToolsVersion = 7.3.1;
						DevelopmentTeam = MVFU2L7FRK;
						LastSwiftMigration = 0830;
					};
					2E8D992A1E85BC0100D0BB91 = {
						CreatedOnToolsVersion = 8.2.1;
						DevelopmentTeam = MVFU2L7FRK;
						LastSwiftMigration = 0930;
						ProvisioningStyle = Automatic;
						TestTargetID = 973F802D19C7867F00AC61CE;
					};
					973F802D19C7867F00AC61CE = {
						CreatedOnToolsVersion = 6.0;
						DevelopmentTeam = MVFU2L7FRK;
						LastSwiftMigration = 0930;
						SystemCapabilities = {
							com.apple.ApplicationGroups.iOS = {
								enabled = 1;
							};
							com.apple.BackgroundModes = {
								enabled = 1;
							};
							com.apple.Maps.iOS = {
								enabled = 1;
							};
							com.apple.Siri = {
								enabled = 1;
							};
						};
					};
				};
			};
			buildConfigurationList = 973F802919C7867F00AC61CE /* Build configuration list for PBXProject "Stormy" */;
			compatibilityVersion = "Xcode 9.3";
			developmentRegion = English;
			hasScannedForEncodings = 0;
			knownRegions = (
				en,
				Base,
			);
			mainGroup = 973F802519C7867F00AC61CE;
			productRefGroup = 973F802F19C7867F00AC61CE /* Products */;
			projectDirPath = "";
			projectRoot = "";
			targets = (
				973F802D19C7867F00AC61CE /* Stormy */,
				2E86681C1D14861300FE044F /* StormyTV */,
				2E3013E91D228FCC007082AF /* StormyWatch */,
				2E3013F51D228FCC007082AF /* StormyWatch Extension */,
				2E8D992A1E85BC0100D0BB91 /* StormyTests */,
				2E3646211E8AD5DA00C0151A /* Stormy Today */,
				2E30456B1EAE4C25005A287D /* StormyIntent */,
				2E3045741EAE4C26005A287D /* StormyIntentUI */,
			);
		};
/* End PBXProject section */

/* Begin PBXResourcesBuildPhase section */
		2E3013E81D228FCC007082AF /* Resources */ = {
			isa = PBXResourcesBuildPhase;
			buildActionMask = 2147483647;
			files = (
				2E3013F01D228FCC007082AF /* Assets.xcassets in Resources */,
				2E3013EE1D228FCC007082AF /* Interface.storyboard in Resources */,
			);
			runOnlyForDeploymentPostprocessing = 0;
		};
		2E3013F41D228FCC007082AF /* Resources */ = {
			isa = PBXResourcesBuildPhase;
			buildActionMask = 2147483647;
			files = (
				2E3014041D228FCC007082AF /* Assets.xcassets in Resources */,
			);
			runOnlyForDeploymentPostprocessing = 0;
		};
		2E30456A1EAE4C25005A287D /* Resources */ = {
			isa = PBXResourcesBuildPhase;
			buildActionMask = 2147483647;
			files = (
			);
			runOnlyForDeploymentPostprocessing = 0;
		};
		2E3045731EAE4C26005A287D /* Resources */ = {
			isa = PBXResourcesBuildPhase;
			buildActionMask = 2147483647;
			files = (
				2E30457D1EAE4C26005A287D /* MainInterface.storyboard in Resources */,
			);
			runOnlyForDeploymentPostprocessing = 0;
		};
		2E3646201E8AD5DA00C0151A /* Resources */ = {
			isa = PBXResourcesBuildPhase;
			buildActionMask = 2147483647;
			files = (
				2E36462B1E8AD5DA00C0151A /* MainInterface.storyboard in Resources */,
				2E3646361E8ADBE500C0151A /* Images.xcassets in Resources */,
			);
			runOnlyForDeploymentPostprocessing = 0;
		};
		2E86681B1D14861300FE044F /* Resources */ = {
			isa = PBXResourcesBuildPhase;
			buildActionMask = 2147483647;
			files = (
				2E8668271D14861400FE044F /* Assets.xcassets in Resources */,
				2E8668251D14861400FE044F /* MainTV.storyboard in Resources */,
			);
			runOnlyForDeploymentPostprocessing = 0;
		};
		2E8D99291E85BC0100D0BB91 /* Resources */ = {
			isa = PBXResourcesBuildPhase;
			buildActionMask = 2147483647;
			files = (
				2E8D993C1E85C27F00D0BB91 /* mockData.json in Resources */,
			);
			runOnlyForDeploymentPostprocessing = 0;
		};
		973F802C19C7867F00AC61CE /* Resources */ = {
			isa = PBXResourcesBuildPhase;
			buildActionMask = 2147483647;
			files = (
				973F803919C7867F00AC61CE /* Main.storyboard in Resources */,
				2E3646381E8AE1C000C0151A /* Default-568h@2x.png in Resources */,
				973F803E19C7867F00AC61CE /* LaunchScreen.xib in Resources */,
				973F803B19C7867F00AC61CE /* Images.xcassets in Resources */,
			);
			runOnlyForDeploymentPostprocessing = 0;
		};
/* End PBXResourcesBuildPhase section */

/* Begin PBXSourcesBuildPhase section */
		2E3013F21D228FCC007082AF /* Sources */ = {
			isa = PBXSourcesBuildPhase;
			buildActionMask = 2147483647;
			files = (
				2EC611BC1F27DA9A009241DA /* ServiceError.swift in Sources */,
				2E3014021D228FCC007082AF /* NotificationController.swift in Sources */,
				2E3014001D228FCC007082AF /* ExtensionDelegate.swift in Sources */,
				2E3013FE1D228FCC007082AF /* InterfaceController.swift in Sources */,
				2EC611B91F27DA7F009241DA /* LocationManager.swift in Sources */,
				2E3014151D2294DD007082AF /* Current.swift in Sources */,
				2E3014161D22A977007082AF /* Image.swift in Sources */,
				2EC611B71F27DA71009241DA /* Coordinate.swift in Sources */,
			);
			runOnlyForDeploymentPostprocessing = 0;
		};
		2E3045681EAE4C25005A287D /* Sources */ = {
			isa = PBXSourcesBuildPhase;
			buildActionMask = 2147483647;
			files = (
				2E30456F1EAE4C26005A287D /* IntentHandler.swift in Sources */,
			);
			runOnlyForDeploymentPostprocessing = 0;
		};
		2E3045711EAE4C26005A287D /* Sources */ = {
			isa = PBXSourcesBuildPhase;
			buildActionMask = 2147483647;
			files = (
				2E30457A1EAE4C26005A287D /* IntentViewController.swift in Sources */,
			);
			runOnlyForDeploymentPostprocessing = 0;
		};
		2E36461E1E8AD5DA00C0151A /* Sources */ = {
			isa = PBXSourcesBuildPhase;
			buildActionMask = 2147483647;
			files = (
				2E3646281E8AD5DA00C0151A /* TodayViewController.swift in Sources */,
				2E3646351E8AD80800C0151A /* Image.swift in Sources */,
				2E3646341E8AD80600C0151A /* Current.swift in Sources */,
			);
			runOnlyForDeploymentPostprocessing = 0;
		};
		2E8668191D14861300FE044F /* Sources */ = {
			isa = PBXSourcesBuildPhase;
			buildActionMask = 2147483647;
			files = (
				2E6BA4951EBCB85000AD1DEA /* TemperatureLabel.swift in Sources */,
				2E6BA4941EBCB53F00AD1DEA /* AppFonts.swift in Sources */,
				2E76CDB71EAE2D1F00587548 /* BackgroundView.swift in Sources */,
				2EC611B61F27DA6E009241DA /* Coordinate.swift in Sources */,
				2E8668301D148A8500FE044F /* Current.swift in Sources */,
				2E3014141D2294C3007082AF /* Image.swift in Sources */,
				2E86682F1D1489FB00FE044F /* ViewControllerTV.swift in Sources */,
				2EC611BB1F27DA9A009241DA /* ServiceError.swift in Sources */,
				2E8668201D14861300FE044F /* AppDelegate.swift in Sources */,
				2EC611BA1F27DA8D009241DA /* Reachability.swift in Sources */,
				2EC611B81F27DA7E009241DA /* LocationManager.swift in Sources */,
			);
			runOnlyForDeploymentPostprocessing = 0;
		};
		2E8D99271E85BC0100D0BB91 /* Sources */ = {
			isa = PBXSourcesBuildPhase;
			buildActionMask = 2147483647;
			files = (
				2E8D992E1E85BC0100D0BB91 /* StormyTests.swift in Sources */,
			);
			runOnlyForDeploymentPostprocessing = 0;
		};
		973F802A19C7867F00AC61CE /* Sources */ = {
			isa = PBXSourcesBuildPhase;
			buildActionMask = 2147483647;
			files = (
				2E76CDB61EAE29A400587548 /* BackgroundView.swift in Sources */,
				97C92D6519C87DF7001C7229 /* Current.swift in Sources */,
				2E30458D1EAE6C4C005A287D /* Reachability.swift in Sources */,
				2EC611B51F27D32F009241DA /* LocationManager.swift in Sources */,
				2E3014131D229472007082AF /* Image.swift in Sources */,
				973F803619C7867F00AC61CE /* ViewController.swift in Sources */,
				2E6BA4931EBCB53F00AD1DEA /* AppFonts.swift in Sources */,
				2E30458F1EAE6CF5005A287D /* ServiceError.swift in Sources */,
				2E6BA4911EBCB52100AD1DEA /* TemperatureLabel.swift in Sources */,
				973F803419C7867F00AC61CE /* AppDelegate.swift in Sources */,
				2EC611B41F27D32F009241DA /* Coordinate.swift in Sources */,
			);
			runOnlyForDeploymentPostprocessing = 0;
		};
/* End PBXSourcesBuildPhase section */

/* Begin PBXTargetDependency section */
		2E3013F91D228FCC007082AF /* PBXTargetDependency */ = {
			isa = PBXTargetDependency;
			target = 2E3013F51D228FCC007082AF /* StormyWatch Extension */;
			targetProxy = 2E3013F81D228FCC007082AF /* PBXContainerItemProxy */;
		};
		2E3014071D228FCC007082AF /* PBXTargetDependency */ = {
			isa = PBXTargetDependency;
			target = 2E3013E91D228FCC007082AF /* StormyWatch */;
			targetProxy = 2E3014061D228FCC007082AF /* PBXContainerItemProxy */;
		};
		2E3045801EAE4C26005A287D /* PBXTargetDependency */ = {
			isa = PBXTargetDependency;
			target = 2E3045741EAE4C26005A287D /* StormyIntentUI */;
			targetProxy = 2E30457F1EAE4C26005A287D /* PBXContainerItemProxy */;
		};
		2E3045831EAE4C26005A287D /* PBXTargetDependency */ = {
			isa = PBXTargetDependency;
			target = 2E30456B1EAE4C25005A287D /* StormyIntent */;
			targetProxy = 2E3045821EAE4C26005A287D /* PBXContainerItemProxy */;
		};
		2E36462E1E8AD5DA00C0151A /* PBXTargetDependency */ = {
			isa = PBXTargetDependency;
			target = 2E3646211E8AD5DA00C0151A /* Stormy Today */;
			targetProxy = 2E36462D1E8AD5DA00C0151A /* PBXContainerItemProxy */;
		};
		2E8D99311E85BC0100D0BB91 /* PBXTargetDependency */ = {
			isa = PBXTargetDependency;
			target = 973F802D19C7867F00AC61CE /* Stormy */;
			targetProxy = 2E8D99301E85BC0100D0BB91 /* PBXContainerItemProxy */;
		};
/* End PBXTargetDependency section */

/* Begin PBXVariantGroup section */
		2E3013EC1D228FCC007082AF /* Interface.storyboard */ = {
			isa = PBXVariantGroup;
			children = (
				2E3013ED1D228FCC007082AF /* Base */,
			);
			name = Interface.storyboard;
			sourceTree = "<group>";
		};
		2E30457B1EAE4C26005A287D /* MainInterface.storyboard */ = {
			isa = PBXVariantGroup;
			children = (
				2E30457C1EAE4C26005A287D /* Base */,
			);
			name = MainInterface.storyboard;
			sourceTree = "<group>";
		};
		2E3646291E8AD5DA00C0151A /* MainInterface.storyboard */ = {
			isa = PBXVariantGroup;
			children = (
				2E36462A1E8AD5DA00C0151A /* Base */,
			);
			name = MainInterface.storyboard;
			sourceTree = "<group>";
		};
		2E8668231D14861400FE044F /* MainTV.storyboard */ = {
			isa = PBXVariantGroup;
			children = (
				2E8668241D14861400FE044F /* Base */,
			);
			name = MainTV.storyboard;
			sourceTree = "<group>";
		};
		973F803719C7867F00AC61CE /* Main.storyboard */ = {
			isa = PBXVariantGroup;
			children = (
				973F803819C7867F00AC61CE /* Base */,
			);
			name = Main.storyboard;
			sourceTree = "<group>";
		};
		973F803C19C7867F00AC61CE /* LaunchScreen.xib */ = {
			isa = PBXVariantGroup;
			children = (
				973F803D19C7867F00AC61CE /* Base */,
			);
			name = LaunchScreen.xib;
			sourceTree = "<group>";
		};
/* End PBXVariantGroup section */

/* Begin XCBuildConfiguration section */
		2E3014091D228FCC007082AF /* Debug */ = {
			isa = XCBuildConfiguration;
			baseConfigurationReference = 2E9796DB1EBBF2A70073EE93 /* Debug.xcconfig */;
			buildSettings = {
				ALWAYS_EMBED_SWIFT_STANDARD_LIBRARIES = YES;
				ASSETCATALOG_COMPILER_APPICON_NAME = AppIcon;
				CLANG_ANALYZER_NONNULL = YES;
				CODE_SIGN_IDENTITY = "iPhone Developer";
				DEBUG_INFORMATION_FORMAT = dwarf;
				GCC_NO_COMMON_BLOCKS = YES;
				IBSC_MODULE = StormyWatch_Extension;
				INFOPLIST_FILE = StormyWatch/Info.plist;
				PRODUCT_BUNDLE_IDENTIFIER = com.durul.Stormy.watchkitapp;
				PRODUCT_NAME = "$(TARGET_NAME)";
				SDKROOT = watchos;
				SKIP_INSTALL = YES;
				SWIFT_SWIFT3_OBJC_INFERENCE = On;
				SWIFT_VERSION = 4.0;
				TARGETED_DEVICE_FAMILY = 4;
				WATCHOS_DEPLOYMENT_TARGET = 3.2;
			};
			name = Debug;
		};
		2E30140A1D228FCC007082AF /* Release */ = {
			isa = XCBuildConfiguration;
			baseConfigurationReference = 2E9796DD1EBBF2BB0073EE93 /* Release.xcconfig */;
			buildSettings = {
				ALWAYS_EMBED_SWIFT_STANDARD_LIBRARIES = YES;
				ASSETCATALOG_COMPILER_APPICON_NAME = AppIcon;
				CLANG_ANALYZER_NONNULL = YES;
				CODE_SIGN_IDENTITY = "iPhone Developer";
				COPY_PHASE_STRIP = NO;
				DEBUG_INFORMATION_FORMAT = "dwarf-with-dsym";
				GCC_NO_COMMON_BLOCKS = YES;
				IBSC_MODULE = StormyWatch_Extension;
				INFOPLIST_FILE = StormyWatch/Info.plist;
				PRODUCT_BUNDLE_IDENTIFIER = com.durul.Stormy.watchkitapp;
				PRODUCT_NAME = "$(TARGET_NAME)";
				SDKROOT = watchos;
				SKIP_INSTALL = YES;
				SWIFT_SWIFT3_OBJC_INFERENCE = On;
				SWIFT_VERSION = 4.0;
				TARGETED_DEVICE_FAMILY = 4;
				WATCHOS_DEPLOYMENT_TARGET = 3.2;
			};
			name = Release;
		};
		2E30140B1D228FCC007082AF /* Debug */ = {
			isa = XCBuildConfiguration;
			baseConfigurationReference = 2E9796DB1EBBF2A70073EE93 /* Debug.xcconfig */;
			buildSettings = {
				CLANG_ANALYZER_NONNULL = YES;
				CODE_SIGN_IDENTITY = "iPhone Developer";
				DEBUG_INFORMATION_FORMAT = dwarf;
				GCC_NO_COMMON_BLOCKS = YES;
				INFOPLIST_FILE = "StormyWatch Extension/Info.plist";
				LD_RUNPATH_SEARCH_PATHS = (
					"$(inherited)",
					"@executable_path/Frameworks",
					"@executable_path/../../Frameworks",
				);
				PRODUCT_BUNDLE_IDENTIFIER = com.durul.Stormy.watchkitapp.watchkitextension;
				PRODUCT_NAME = "${TARGET_NAME}";
				SDKROOT = watchos;
				SKIP_INSTALL = YES;
				SWIFT_SWIFT3_OBJC_INFERENCE = On;
				SWIFT_VERSION = 4.0;
				TARGETED_DEVICE_FAMILY = 4;
				WATCHOS_DEPLOYMENT_TARGET = 3.2;
			};
			name = Debug;
		};
		2E30140C1D228FCC007082AF /* Release */ = {
			isa = XCBuildConfiguration;
			baseConfigurationReference = 2E9796DD1EBBF2BB0073EE93 /* Release.xcconfig */;
			buildSettings = {
				CLANG_ANALYZER_NONNULL = YES;
				CODE_SIGN_IDENTITY = "iPhone Developer";
				COPY_PHASE_STRIP = NO;
				DEBUG_INFORMATION_FORMAT = "dwarf-with-dsym";
				GCC_NO_COMMON_BLOCKS = YES;
				INFOPLIST_FILE = "StormyWatch Extension/Info.plist";
				LD_RUNPATH_SEARCH_PATHS = (
					"$(inherited)",
					"@executable_path/Frameworks",
					"@executable_path/../../Frameworks",
				);
				PRODUCT_BUNDLE_IDENTIFIER = com.durul.Stormy.watchkitapp.watchkitextension;
				PRODUCT_NAME = "${TARGET_NAME}";
				SDKROOT = watchos;
				SKIP_INSTALL = YES;
				SWIFT_SWIFT3_OBJC_INFERENCE = On;
				SWIFT_VERSION = 4.0;
				TARGETED_DEVICE_FAMILY = 4;
				WATCHOS_DEPLOYMENT_TARGET = 3.2;
			};
			name = Release;
		};
		2E3045861EAE4C26005A287D /* Debug */ = {
			isa = XCBuildConfiguration;
			baseConfigurationReference = 2E9796DB1EBBF2A70073EE93 /* Debug.xcconfig */;
			buildSettings = {
				CLANG_ANALYZER_NONNULL = YES;
				CLANG_ANALYZER_NUMBER_OBJECT_CONVERSION = YES_AGGRESSIVE;
				CLANG_WARN_DOCUMENTATION_COMMENTS = YES;
				CODE_SIGN_IDENTITY = "iPhone Developer";
				DEBUG_INFORMATION_FORMAT = dwarf;
				DEVELOPMENT_TEAM = MVFU2L7FRK;
				INFOPLIST_FILE = StormyIntentUI/Info.plist;
				LD_RUNPATH_SEARCH_PATHS = (
					"$(inherited)",
					"@executable_path/Frameworks",
					"@executable_path/../../Frameworks",
				);
				PRODUCT_BUNDLE_IDENTIFIER = com.durul.Stormy.StormyIntentUI;
				PRODUCT_NAME = "$(TARGET_NAME)";
				SKIP_INSTALL = YES;
				SWIFT_ACTIVE_COMPILATION_CONDITIONS = DEBUG;
				SWIFT_SWIFT3_OBJC_INFERENCE = On;
				SWIFT_VERSION = 4.0;
			};
			name = Debug;
		};
		2E3045871EAE4C26005A287D /* Release */ = {
			isa = XCBuildConfiguration;
			baseConfigurationReference = 2E9796DD1EBBF2BB0073EE93 /* Release.xcconfig */;
			buildSettings = {
				CLANG_ANALYZER_NONNULL = YES;
				CLANG_ANALYZER_NUMBER_OBJECT_CONVERSION = YES_AGGRESSIVE;
				CLANG_WARN_DOCUMENTATION_COMMENTS = YES;
				CODE_SIGN_IDENTITY = "iPhone Developer";
				COPY_PHASE_STRIP = NO;
				DEBUG_INFORMATION_FORMAT = "dwarf-with-dsym";
				DEVELOPMENT_TEAM = MVFU2L7FRK;
				INFOPLIST_FILE = StormyIntentUI/Info.plist;
				LD_RUNPATH_SEARCH_PATHS = (
					"$(inherited)",
					"@executable_path/Frameworks",
					"@executable_path/../../Frameworks",
				);
				PRODUCT_BUNDLE_IDENTIFIER = com.durul.Stormy.StormyIntentUI;
				PRODUCT_NAME = "$(TARGET_NAME)";
				SKIP_INSTALL = YES;
				SWIFT_SWIFT3_OBJC_INFERENCE = On;
				SWIFT_VERSION = 4.0;
			};
			name = Release;
		};
		2E3045891EAE4C26005A287D /* Debug */ = {
			isa = XCBuildConfiguration;
			baseConfigurationReference = 2E9796DB1EBBF2A70073EE93 /* Debug.xcconfig */;
			buildSettings = {
				CLANG_ANALYZER_NONNULL = YES;
				CLANG_ANALYZER_NUMBER_OBJECT_CONVERSION = YES_AGGRESSIVE;
				CLANG_WARN_DOCUMENTATION_COMMENTS = YES;
				CODE_SIGN_IDENTITY = "iPhone Developer";
				DEBUG_INFORMATION_FORMAT = dwarf;
				DEVELOPMENT_TEAM = MVFU2L7FRK;
				INFOPLIST_FILE = StormyIntent/Info.plist;
				LD_RUNPATH_SEARCH_PATHS = (
					"$(inherited)",
					"@executable_path/Frameworks",
					"@executable_path/../../Frameworks",
				);
				PRODUCT_BUNDLE_IDENTIFIER = com.durul.Stormy.StormyIntent;
				PRODUCT_NAME = "$(TARGET_NAME)";
				SKIP_INSTALL = YES;
				SWIFT_ACTIVE_COMPILATION_CONDITIONS = DEBUG;
				SWIFT_SWIFT3_OBJC_INFERENCE = On;
				SWIFT_VERSION = 4.0;
			};
			name = Debug;
		};
		2E30458A1EAE4C26005A287D /* Release */ = {
			isa = XCBuildConfiguration;
			baseConfigurationReference = 2E9796DD1EBBF2BB0073EE93 /* Release.xcconfig */;
			buildSettings = {
				CLANG_ANALYZER_NONNULL = YES;
				CLANG_ANALYZER_NUMBER_OBJECT_CONVERSION = YES_AGGRESSIVE;
				CLANG_WARN_DOCUMENTATION_COMMENTS = YES;
				CODE_SIGN_IDENTITY = "iPhone Developer";
				COPY_PHASE_STRIP = NO;
				DEBUG_INFORMATION_FORMAT = "dwarf-with-dsym";
				DEVELOPMENT_TEAM = MVFU2L7FRK;
				INFOPLIST_FILE = StormyIntent/Info.plist;
				LD_RUNPATH_SEARCH_PATHS = (
					"$(inherited)",
					"@executable_path/Frameworks",
					"@executable_path/../../Frameworks",
				);
				PRODUCT_BUNDLE_IDENTIFIER = com.durul.Stormy.StormyIntent;
				PRODUCT_NAME = "$(TARGET_NAME)";
				SKIP_INSTALL = YES;
				SWIFT_SWIFT3_OBJC_INFERENCE = On;
				SWIFT_VERSION = 4.0;
			};
			name = Release;
		};
		2E3646301E8AD5DA00C0151A /* Debug */ = {
			isa = XCBuildConfiguration;
			baseConfigurationReference = 2E9796DB1EBBF2A70073EE93 /* Debug.xcconfig */;
			buildSettings = {
				CLANG_ANALYZER_NONNULL = YES;
				CLANG_ANALYZER_NUMBER_OBJECT_CONVERSION = YES_AGGRESSIVE;
				CLANG_WARN_DOCUMENTATION_COMMENTS = YES;
				CODE_SIGN_ENTITLEMENTS = "Stormy Today/Stormy Today.entitlements";
				CODE_SIGN_IDENTITY = "iPhone Developer";
				DEBUG_INFORMATION_FORMAT = dwarf;
				DEVELOPMENT_TEAM = MVFU2L7FRK;
				INFOPLIST_FILE = "Stormy Today/Info.plist";
				IPHONEOS_DEPLOYMENT_TARGET = 10.3;
				LD_RUNPATH_SEARCH_PATHS = (
					"$(inherited)",
					"@executable_path/Frameworks",
					"@executable_path/../../Frameworks",
				);
				PRODUCT_BUNDLE_IDENTIFIER = "com.durul.Stormy.Stormy-Today";
				PRODUCT_NAME = "$(TARGET_NAME)";
				SKIP_INSTALL = YES;
				SWIFT_ACTIVE_COMPILATION_CONDITIONS = DEBUG;
				SWIFT_SWIFT3_OBJC_INFERENCE = On;
				SWIFT_VERSION = 4.0;
			};
			name = Debug;
		};
		2E3646311E8AD5DA00C0151A /* Release */ = {
			isa = XCBuildConfiguration;
			baseConfigurationReference = 2E9796DD1EBBF2BB0073EE93 /* Release.xcconfig */;
			buildSettings = {
				CLANG_ANALYZER_NONNULL = YES;
				CLANG_ANALYZER_NUMBER_OBJECT_CONVERSION = YES_AGGRESSIVE;
				CLANG_WARN_DOCUMENTATION_COMMENTS = YES;
				CODE_SIGN_ENTITLEMENTS = "Stormy Today/Stormy Today.entitlements";
				CODE_SIGN_IDENTITY = "iPhone Developer";
				COPY_PHASE_STRIP = NO;
				DEBUG_INFORMATION_FORMAT = "dwarf-with-dsym";
				DEVELOPMENT_TEAM = MVFU2L7FRK;
				INFOPLIST_FILE = "Stormy Today/Info.plist";
				IPHONEOS_DEPLOYMENT_TARGET = 10.3;
				LD_RUNPATH_SEARCH_PATHS = (
					"$(inherited)",
					"@executable_path/Frameworks",
					"@executable_path/../../Frameworks",
				);
				PRODUCT_BUNDLE_IDENTIFIER = "com.durul.Stormy.Stormy-Today";
				PRODUCT_NAME = "$(TARGET_NAME)";
				SKIP_INSTALL = YES;
				SWIFT_SWIFT3_OBJC_INFERENCE = On;
				SWIFT_VERSION = 4.0;
			};
			name = Release;
		};
		2E86682A1D14861400FE044F /* Debug */ = {
			isa = XCBuildConfiguration;
			baseConfigurationReference = 2E9796DB1EBBF2A70073EE93 /* Debug.xcconfig */;
			buildSettings = {
				ASSETCATALOG_COMPILER_APPICON_NAME = "App Icon & Top Shelf Image";
				ASSETCATALOG_COMPILER_LAUNCHIMAGE_NAME = LaunchImage;
				CLANG_ANALYZER_NONNULL = YES;
				DEBUG_INFORMATION_FORMAT = dwarf;
				DEVELOPMENT_TEAM = MVFU2L7FRK;
				GCC_NO_COMMON_BLOCKS = YES;
				INFOPLIST_FILE = StormyTV/Info.plist;
				LD_RUNPATH_SEARCH_PATHS = (
					"$(inherited)",
					"@executable_path/Frameworks",
				);
				PRODUCT_BUNDLE_IDENTIFIER = com.durul.StormyTV;
				PRODUCT_NAME = "$(TARGET_NAME)";
				SDKROOT = appletvos;
				SWIFT_VERSION = 3.0;
				TARGETED_DEVICE_FAMILY = 3;
				TVOS_DEPLOYMENT_TARGET = 10.2;
			};
			name = Debug;
		};
		2E86682B1D14861400FE044F /* Release */ = {
			isa = XCBuildConfiguration;
			baseConfigurationReference = 2E9796DD1EBBF2BB0073EE93 /* Release.xcconfig */;
			buildSettings = {
				ASSETCATALOG_COMPILER_APPICON_NAME = "App Icon & Top Shelf Image";
				ASSETCATALOG_COMPILER_LAUNCHIMAGE_NAME = LaunchImage;
				CLANG_ANALYZER_NONNULL = YES;
				COPY_PHASE_STRIP = NO;
				DEBUG_INFORMATION_FORMAT = "dwarf-with-dsym";
				DEVELOPMENT_TEAM = MVFU2L7FRK;
				GCC_NO_COMMON_BLOCKS = YES;
				INFOPLIST_FILE = StormyTV/Info.plist;
				LD_RUNPATH_SEARCH_PATHS = (
					"$(inherited)",
					"@executable_path/Frameworks",
				);
				PRODUCT_BUNDLE_IDENTIFIER = com.durul.StormyTV;
				PRODUCT_NAME = "$(TARGET_NAME)";
				SDKROOT = appletvos;
				SWIFT_VERSION = 3.0;
				TARGETED_DEVICE_FAMILY = 3;
				TVOS_DEPLOYMENT_TARGET = 10.2;
			};
			name = Release;
		};
		2E8D99321E85BC0100D0BB91 /* Debug */ = {
			isa = XCBuildConfiguration;
			baseConfigurationReference = 2E9796DB1EBBF2A70073EE93 /* Debug.xcconfig */;
			buildSettings = {
				BUNDLE_LOADER = "$(TEST_HOST)";
				CLANG_ANALYZER_NONNULL = YES;
				CLANG_WARN_DOCUMENTATION_COMMENTS = YES;
				DEBUG_INFORMATION_FORMAT = dwarf;
				DEVELOPMENT_TEAM = MVFU2L7FRK;
				INFOPLIST_FILE = StormyTests/Info.plist;
				IPHONEOS_DEPLOYMENT_TARGET = 10.2;
				LD_RUNPATH_SEARCH_PATHS = (
					"$(inherited)",
					"@executable_path/Frameworks",
					"@loader_path/Frameworks",
				);
				PRODUCT_BUNDLE_IDENTIFIER = com.durul.StormyTests;
				PRODUCT_NAME = "$(TARGET_NAME)";
				SWIFT_ACTIVE_COMPILATION_CONDITIONS = DEBUG;
				SWIFT_SWIFT3_OBJC_INFERENCE = On;
				SWIFT_VERSION = 4.0;
				TEST_HOST = "$(BUILT_PRODUCTS_DIR)/Stormy.app/Stormy";
			};
			name = Debug;
		};
		2E8D99331E85BC0100D0BB91 /* Release */ = {
			isa = XCBuildConfiguration;
			baseConfigurationReference = 2E9796DD1EBBF2BB0073EE93 /* Release.xcconfig */;
			buildSettings = {
				BUNDLE_LOADER = "$(TEST_HOST)";
				CLANG_ANALYZER_NONNULL = YES;
				CLANG_WARN_DOCUMENTATION_COMMENTS = YES;
				COPY_PHASE_STRIP = NO;
				DEBUG_INFORMATION_FORMAT = "dwarf-with-dsym";
				DEVELOPMENT_TEAM = MVFU2L7FRK;
				INFOPLIST_FILE = StormyTests/Info.plist;
				IPHONEOS_DEPLOYMENT_TARGET = 10.2;
				LD_RUNPATH_SEARCH_PATHS = (
					"$(inherited)",
					"@executable_path/Frameworks",
					"@loader_path/Frameworks",
				);
				PRODUCT_BUNDLE_IDENTIFIER = com.durul.StormyTests;
				PRODUCT_NAME = "$(TARGET_NAME)";
				SWIFT_SWIFT3_OBJC_INFERENCE = On;
				SWIFT_VERSION = 4.0;
				TEST_HOST = "$(BUILT_PRODUCTS_DIR)/Stormy.app/Stormy";
			};
			name = Release;
		};
		2E9796DE1EBBF3480073EE93 /* Development */ = {
			isa = XCBuildConfiguration;
			baseConfigurationReference = 2E9796DC1EBBF2B00073EE93 /* Development.xcconfig */;
			buildSettings = {
				ALWAYS_SEARCH_USER_PATHS = NO;
				CLANG_CXX_LANGUAGE_STANDARD = "gnu++0x";
				CLANG_CXX_LIBRARY = "libc++";
				CLANG_ENABLE_MODULES = YES;
				CLANG_ENABLE_OBJC_ARC = YES;
				CLANG_WARN_BLOCK_CAPTURE_AUTORELEASING = YES;
				CLANG_WARN_BOOL_CONVERSION = YES;
				CLANG_WARN_COMMA = YES;
				CLANG_WARN_CONSTANT_CONVERSION = YES;
				CLANG_WARN_DEPRECATED_OBJC_IMPLEMENTATIONS = YES;
				CLANG_WARN_DIRECT_OBJC_ISA_USAGE = YES_ERROR;
				CLANG_WARN_EMPTY_BODY = YES;
				CLANG_WARN_ENUM_CONVERSION = YES;
				CLANG_WARN_INFINITE_RECURSION = YES;
				CLANG_WARN_INT_CONVERSION = YES;
				CLANG_WARN_NON_LITERAL_NULL_CONVERSION = YES;
				CLANG_WARN_OBJC_IMPLICIT_RETAIN_SELF = YES;
				CLANG_WARN_OBJC_LITERAL_CONVERSION = YES;
				CLANG_WARN_OBJC_ROOT_CLASS = YES_ERROR;
				CLANG_WARN_RANGE_LOOP_ANALYSIS = YES;
				CLANG_WARN_STRICT_PROTOTYPES = YES;
				CLANG_WARN_SUSPICIOUS_MOVE = YES;
				CLANG_WARN_UNREACHABLE_CODE = YES;
				CLANG_WARN__DUPLICATE_METHOD_MATCH = YES;
				"CODE_SIGN_IDENTITY[sdk=iphoneos*]" = "iPhone Developer";
				COPY_PHASE_STRIP = NO;
				ENABLE_STRICT_OBJC_MSGSEND = YES;
				ENABLE_TESTABILITY = YES;
				GCC_C_LANGUAGE_STANDARD = gnu99;
				GCC_DYNAMIC_NO_PIC = NO;
				GCC_NO_COMMON_BLOCKS = YES;
				GCC_OPTIMIZATION_LEVEL = 0;
				GCC_PREPROCESSOR_DEFINITIONS = (
					"DEBUG=1",
					"$(inherited)",
				);
				GCC_SYMBOLS_PRIVATE_EXTERN = NO;
				GCC_WARN_64_TO_32_BIT_CONVERSION = YES;
				GCC_WARN_ABOUT_RETURN_TYPE = YES_ERROR;
				GCC_WARN_UNDECLARED_SELECTOR = YES;
				GCC_WARN_UNINITIALIZED_AUTOS = YES_AGGRESSIVE;
				GCC_WARN_UNUSED_FUNCTION = YES;
				GCC_WARN_UNUSED_VARIABLE = YES;
				IPHONEOS_DEPLOYMENT_TARGET = 11.3;
				MTL_ENABLE_DEBUG_INFO = YES;
				ONLY_ACTIVE_ARCH = YES;
				SDKROOT = iphoneos;
				SWIFT_COMPILATION_MODE = singlefile;
				SWIFT_OPTIMIZATION_LEVEL = "-Onone";
				SWIFT_VERSION = 4.0;
			};
			name = Development;
		};
		2E9796DF1EBBF3480073EE93 /* Development */ = {
			isa = XCBuildConfiguration;
			baseConfigurationReference = 2E9796DC1EBBF2B00073EE93 /* Development.xcconfig */;
			buildSettings = {
				ALWAYS_EMBED_SWIFT_STANDARD_LIBRARIES = YES;
				ASSETCATALOG_COMPILER_APPICON_NAME = AppIcon;
				CODE_SIGN_ENTITLEMENTS = Stormy/Stormy.entitlements;
				CODE_SIGN_IDENTITY = "iPhone Developer";
				FRAMEWORK_SEARCH_PATHS = (
					"$(inherited)",
					"$(PROJECT_DIR)",
				);
				INFOPLIST_FILE = Stormy/Info.plist;
				IPHONEOS_DEPLOYMENT_TARGET = 10.3;
				LD_RUNPATH_SEARCH_PATHS = (
					"$(inherited)",
					"@executable_path/Frameworks",
				);
				PRODUCT_BUNDLE_IDENTIFIER = com.durul.Stormy;
				PRODUCT_NAME = "$(TARGET_NAME)";
				SWIFT_OBJC_BRIDGING_HEADER = "Bridging-Header.h";
				SWIFT_SWIFT3_OBJC_INFERENCE = On;
				SWIFT_VERSION = 4.0;
			};
			name = Development;
		};
		2E9796E01EBBF3480073EE93 /* Development */ = {
			isa = XCBuildConfiguration;
			baseConfigurationReference = 2E9796DC1EBBF2B00073EE93 /* Development.xcconfig */;
			buildSettings = {
				ASSETCATALOG_COMPILER_APPICON_NAME = "App Icon & Top Shelf Image";
				ASSETCATALOG_COMPILER_LAUNCHIMAGE_NAME = LaunchImage;
				CLANG_ANALYZER_NONNULL = YES;
				DEBUG_INFORMATION_FORMAT = dwarf;
				DEVELOPMENT_TEAM = MVFU2L7FRK;
				GCC_NO_COMMON_BLOCKS = YES;
				INFOPLIST_FILE = StormyTV/Info.plist;
				LD_RUNPATH_SEARCH_PATHS = (
					"$(inherited)",
					"@executable_path/Frameworks",
				);
				PRODUCT_BUNDLE_IDENTIFIER = com.durul.StormyTV;
				PRODUCT_NAME = "$(TARGET_NAME)";
				SDKROOT = appletvos;
				SWIFT_VERSION = 3.0;
				TARGETED_DEVICE_FAMILY = 3;
				TVOS_DEPLOYMENT_TARGET = 10.2;
			};
			name = Development;
		};
		2E9796E11EBBF3480073EE93 /* Development */ = {
			isa = XCBuildConfiguration;
			baseConfigurationReference = 2E9796DC1EBBF2B00073EE93 /* Development.xcconfig */;
			buildSettings = {
				ALWAYS_EMBED_SWIFT_STANDARD_LIBRARIES = YES;
				ASSETCATALOG_COMPILER_APPICON_NAME = AppIcon;
				CLANG_ANALYZER_NONNULL = YES;
				CODE_SIGN_IDENTITY = "iPhone Developer";
				DEBUG_INFORMATION_FORMAT = dwarf;
				GCC_NO_COMMON_BLOCKS = YES;
				IBSC_MODULE = StormyWatch_Extension;
				INFOPLIST_FILE = StormyWatch/Info.plist;
				PRODUCT_BUNDLE_IDENTIFIER = com.durul.Stormy.watchkitapp;
				PRODUCT_NAME = "$(TARGET_NAME)";
				SDKROOT = watchos;
				SKIP_INSTALL = YES;
				SWIFT_SWIFT3_OBJC_INFERENCE = On;
				SWIFT_VERSION = 4.0;
				TARGETED_DEVICE_FAMILY = 4;
				WATCHOS_DEPLOYMENT_TARGET = 3.2;
			};
			name = Development;
		};
		2E9796E21EBBF3480073EE93 /* Development */ = {
			isa = XCBuildConfiguration;
			baseConfigurationReference = 2E9796DC1EBBF2B00073EE93 /* Development.xcconfig */;
			buildSettings = {
				CLANG_ANALYZER_NONNULL = YES;
				CODE_SIGN_IDENTITY = "iPhone Developer";
				DEBUG_INFORMATION_FORMAT = dwarf;
				GCC_NO_COMMON_BLOCKS = YES;
				INFOPLIST_FILE = "StormyWatch Extension/Info.plist";
				LD_RUNPATH_SEARCH_PATHS = (
					"$(inherited)",
					"@executable_path/Frameworks",
					"@executable_path/../../Frameworks",
				);
				PRODUCT_BUNDLE_IDENTIFIER = com.durul.Stormy.watchkitapp.watchkitextension;
				PRODUCT_NAME = "${TARGET_NAME}";
				SDKROOT = watchos;
				SKIP_INSTALL = YES;
				SWIFT_SWIFT3_OBJC_INFERENCE = On;
				SWIFT_VERSION = 4.0;
				TARGETED_DEVICE_FAMILY = 4;
				WATCHOS_DEPLOYMENT_TARGET = 3.2;
			};
			name = Development;
		};
		2E9796E31EBBF3480073EE93 /* Development */ = {
			isa = XCBuildConfiguration;
			baseConfigurationReference = 2E9796DC1EBBF2B00073EE93 /* Development.xcconfig */;
			buildSettings = {
				BUNDLE_LOADER = "$(TEST_HOST)";
				CLANG_ANALYZER_NONNULL = YES;
				CLANG_WARN_DOCUMENTATION_COMMENTS = YES;
				DEBUG_INFORMATION_FORMAT = dwarf;
				DEVELOPMENT_TEAM = MVFU2L7FRK;
				INFOPLIST_FILE = StormyTests/Info.plist;
				IPHONEOS_DEPLOYMENT_TARGET = 10.2;
				LD_RUNPATH_SEARCH_PATHS = (
					"$(inherited)",
					"@executable_path/Frameworks",
					"@loader_path/Frameworks",
				);
				PRODUCT_BUNDLE_IDENTIFIER = com.durul.StormyTests;
				PRODUCT_NAME = "$(TARGET_NAME)";
				SWIFT_ACTIVE_COMPILATION_CONDITIONS = DEBUG;
				SWIFT_SWIFT3_OBJC_INFERENCE = On;
				SWIFT_VERSION = 4.0;
				TEST_HOST = "$(BUILT_PRODUCTS_DIR)/Stormy.app/Stormy";
			};
			name = Development;
		};
		2E9796E41EBBF3480073EE93 /* Development */ = {
			isa = XCBuildConfiguration;
			baseConfigurationReference = 2E9796DC1EBBF2B00073EE93 /* Development.xcconfig */;
			buildSettings = {
				CLANG_ANALYZER_NONNULL = YES;
				CLANG_ANALYZER_NUMBER_OBJECT_CONVERSION = YES_AGGRESSIVE;
				CLANG_WARN_DOCUMENTATION_COMMENTS = YES;
				CODE_SIGN_ENTITLEMENTS = "Stormy Today/Stormy Today.entitlements";
				CODE_SIGN_IDENTITY = "iPhone Developer";
				DEBUG_INFORMATION_FORMAT = dwarf;
				DEVELOPMENT_TEAM = MVFU2L7FRK;
				INFOPLIST_FILE = "Stormy Today/Info.plist";
				IPHONEOS_DEPLOYMENT_TARGET = 10.3;
				LD_RUNPATH_SEARCH_PATHS = (
					"$(inherited)",
					"@executable_path/Frameworks",
					"@executable_path/../../Frameworks",
				);
				PRODUCT_BUNDLE_IDENTIFIER = "com.durul.Stormy.Stormy-Today";
				PRODUCT_NAME = "$(TARGET_NAME)";
				SKIP_INSTALL = YES;
				SWIFT_ACTIVE_COMPILATION_CONDITIONS = DEBUG;
				SWIFT_SWIFT3_OBJC_INFERENCE = On;
				SWIFT_VERSION = 4.0;
			};
			name = Development;
		};
		2E9796E51EBBF3480073EE93 /* Development */ = {
			isa = XCBuildConfiguration;
			baseConfigurationReference = 2E9796DC1EBBF2B00073EE93 /* Development.xcconfig */;
			buildSettings = {
				CLANG_ANALYZER_NONNULL = YES;
				CLANG_ANALYZER_NUMBER_OBJECT_CONVERSION = YES_AGGRESSIVE;
				CLANG_WARN_DOCUMENTATION_COMMENTS = YES;
				CODE_SIGN_IDENTITY = "iPhone Developer";
				DEBUG_INFORMATION_FORMAT = dwarf;
				DEVELOPMENT_TEAM = MVFU2L7FRK;
				INFOPLIST_FILE = StormyIntent/Info.plist;
				LD_RUNPATH_SEARCH_PATHS = (
					"$(inherited)",
					"@executable_path/Frameworks",
					"@executable_path/../../Frameworks",
				);
				PRODUCT_BUNDLE_IDENTIFIER = com.durul.Stormy.StormyIntent;
				PRODUCT_NAME = "$(TARGET_NAME)";
				SKIP_INSTALL = YES;
				SWIFT_ACTIVE_COMPILATION_CONDITIONS = DEBUG;
				SWIFT_SWIFT3_OBJC_INFERENCE = On;
				SWIFT_VERSION = 4.0;
			};
			name = Development;
		};
		2E9796E61EBBF3480073EE93 /* Development */ = {
			isa = XCBuildConfiguration;
			baseConfigurationReference = 2E9796DC1EBBF2B00073EE93 /* Development.xcconfig */;
			buildSettings = {
				CLANG_ANALYZER_NONNULL = YES;
				CLANG_ANALYZER_NUMBER_OBJECT_CONVERSION = YES_AGGRESSIVE;
				CLANG_WARN_DOCUMENTATION_COMMENTS = YES;
				CODE_SIGN_IDENTITY = "iPhone Developer";
				DEBUG_INFORMATION_FORMAT = dwarf;
				DEVELOPMENT_TEAM = MVFU2L7FRK;
				INFOPLIST_FILE = StormyIntentUI/Info.plist;
				LD_RUNPATH_SEARCH_PATHS = (
					"$(inherited)",
					"@executable_path/Frameworks",
					"@executable_path/../../Frameworks",
				);
				PRODUCT_BUNDLE_IDENTIFIER = com.durul.Stormy.StormyIntentUI;
				PRODUCT_NAME = "$(TARGET_NAME)";
				SKIP_INSTALL = YES;
				SWIFT_ACTIVE_COMPILATION_CONDITIONS = DEBUG;
				SWIFT_SWIFT3_OBJC_INFERENCE = On;
				SWIFT_VERSION = 4.0;
			};
			name = Development;
		};
		973F804B19C7867F00AC61CE /* Debug */ = {
			isa = XCBuildConfiguration;
			baseConfigurationReference = 2E9796DB1EBBF2A70073EE93 /* Debug.xcconfig */;
			buildSettings = {
				ALWAYS_SEARCH_USER_PATHS = NO;
				CLANG_CXX_LANGUAGE_STANDARD = "gnu++0x";
				CLANG_CXX_LIBRARY = "libc++";
				CLANG_ENABLE_MODULES = YES;
				CLANG_ENABLE_OBJC_ARC = YES;
				CLANG_WARN_BLOCK_CAPTURE_AUTORELEASING = YES;
				CLANG_WARN_BOOL_CONVERSION = YES;
				CLANG_WARN_COMMA = YES;
				CLANG_WARN_CONSTANT_CONVERSION = YES;
				CLANG_WARN_DEPRECATED_OBJC_IMPLEMENTATIONS = YES;
				CLANG_WARN_DIRECT_OBJC_ISA_USAGE = YES_ERROR;
				CLANG_WARN_EMPTY_BODY = YES;
				CLANG_WARN_ENUM_CONVERSION = YES;
				CLANG_WARN_INFINITE_RECURSION = YES;
				CLANG_WARN_INT_CONVERSION = YES;
				CLANG_WARN_NON_LITERAL_NULL_CONVERSION = YES;
				CLANG_WARN_OBJC_IMPLICIT_RETAIN_SELF = YES;
				CLANG_WARN_OBJC_LITERAL_CONVERSION = YES;
				CLANG_WARN_OBJC_ROOT_CLASS = YES_ERROR;
				CLANG_WARN_RANGE_LOOP_ANALYSIS = YES;
				CLANG_WARN_STRICT_PROTOTYPES = YES;
				CLANG_WARN_SUSPICIOUS_MOVE = YES;
				CLANG_WARN_UNREACHABLE_CODE = YES;
				CLANG_WARN__DUPLICATE_METHOD_MATCH = YES;
				"CODE_SIGN_IDENTITY[sdk=iphoneos*]" = "iPhone Developer";
				COPY_PHASE_STRIP = NO;
				ENABLE_STRICT_OBJC_MSGSEND = YES;
				ENABLE_TESTABILITY = YES;
				GCC_C_LANGUAGE_STANDARD = gnu99;
				GCC_DYNAMIC_NO_PIC = NO;
				GCC_NO_COMMON_BLOCKS = YES;
				GCC_OPTIMIZATION_LEVEL = 0;
				GCC_PREPROCESSOR_DEFINITIONS = (
					"DEBUG=1",
					"$(inherited)",
				);
				GCC_SYMBOLS_PRIVATE_EXTERN = NO;
				GCC_WARN_64_TO_32_BIT_CONVERSION = YES;
				GCC_WARN_ABOUT_RETURN_TYPE = YES_ERROR;
				GCC_WARN_UNDECLARED_SELECTOR = YES;
				GCC_WARN_UNINITIALIZED_AUTOS = YES_AGGRESSIVE;
				GCC_WARN_UNUSED_FUNCTION = YES;
				GCC_WARN_UNUSED_VARIABLE = YES;
				IPHONEOS_DEPLOYMENT_TARGET = 11.3;
				MTL_ENABLE_DEBUG_INFO = YES;
				ONLY_ACTIVE_ARCH = YES;
				SDKROOT = iphoneos;
				SWIFT_COMPILATION_MODE = singlefile;
				SWIFT_OPTIMIZATION_LEVEL = "-Onone";
				SWIFT_VERSION = 4.0;
			};
			name = Debug;
		};
		973F804C19C7867F00AC61CE /* Release */ = {
			isa = XCBuildConfiguration;
			baseConfigurationReference = 2E9796DD1EBBF2BB0073EE93 /* Release.xcconfig */;
			buildSettings = {
				ALWAYS_SEARCH_USER_PATHS = NO;
				CLANG_CXX_LANGUAGE_STANDARD = "gnu++0x";
				CLANG_CXX_LIBRARY = "libc++";
				CLANG_ENABLE_MODULES = YES;
				CLANG_ENABLE_OBJC_ARC = YES;
				CLANG_WARN_BLOCK_CAPTURE_AUTORELEASING = YES;
				CLANG_WARN_BOOL_CONVERSION = YES;
				CLANG_WARN_COMMA = YES;
				CLANG_WARN_CONSTANT_CONVERSION = YES;
				CLANG_WARN_DEPRECATED_OBJC_IMPLEMENTATIONS = YES;
				CLANG_WARN_DIRECT_OBJC_ISA_USAGE = YES_ERROR;
				CLANG_WARN_EMPTY_BODY = YES;
				CLANG_WARN_ENUM_CONVERSION = YES;
				CLANG_WARN_INFINITE_RECURSION = YES;
				CLANG_WARN_INT_CONVERSION = YES;
				CLANG_WARN_NON_LITERAL_NULL_CONVERSION = YES;
				CLANG_WARN_OBJC_IMPLICIT_RETAIN_SELF = YES;
				CLANG_WARN_OBJC_LITERAL_CONVERSION = YES;
				CLANG_WARN_OBJC_ROOT_CLASS = YES_ERROR;
				CLANG_WARN_RANGE_LOOP_ANALYSIS = YES;
				CLANG_WARN_STRICT_PROTOTYPES = YES;
				CLANG_WARN_SUSPICIOUS_MOVE = YES;
				CLANG_WARN_UNREACHABLE_CODE = YES;
				CLANG_WARN__DUPLICATE_METHOD_MATCH = YES;
				"CODE_SIGN_IDENTITY[sdk=iphoneos*]" = "iPhone Developer";
				COPY_PHASE_STRIP = YES;
				ENABLE_NS_ASSERTIONS = NO;
				ENABLE_STRICT_OBJC_MSGSEND = YES;
				GCC_C_LANGUAGE_STANDARD = gnu99;
				GCC_NO_COMMON_BLOCKS = YES;
				GCC_WARN_64_TO_32_BIT_CONVERSION = YES;
				GCC_WARN_ABOUT_RETURN_TYPE = YES_ERROR;
				GCC_WARN_UNDECLARED_SELECTOR = YES;
				GCC_WARN_UNINITIALIZED_AUTOS = YES_AGGRESSIVE;
				GCC_WARN_UNUSED_FUNCTION = YES;
				GCC_WARN_UNUSED_VARIABLE = YES;
				IPHONEOS_DEPLOYMENT_TARGET = 11.3;
				MTL_ENABLE_DEBUG_INFO = NO;
				SDKROOT = iphoneos;
				SWIFT_COMPILATION_MODE = wholemodule;
				SWIFT_OPTIMIZATION_LEVEL = "-O";
				SWIFT_VERSION = 4.0;
				VALIDATE_PRODUCT = YES;
			};
			name = Release;
		};
		973F804E19C7867F00AC61CE /* Debug */ = {
			isa = XCBuildConfiguration;
			baseConfigurationReference = 2E9796DB1EBBF2A70073EE93 /* Debug.xcconfig */;
			buildSettings = {
				ALWAYS_EMBED_SWIFT_STANDARD_LIBRARIES = YES;
				ASSETCATALOG_COMPILER_APPICON_NAME = AppIcon;
				CODE_SIGN_ENTITLEMENTS = Stormy/Stormy.entitlements;
				CODE_SIGN_IDENTITY = "iPhone Developer";
				FRAMEWORK_SEARCH_PATHS = (
					"$(inherited)",
					"$(PROJECT_DIR)",
				);
				INFOPLIST_FILE = Stormy/Info.plist;
				IPHONEOS_DEPLOYMENT_TARGET = 10.3;
				LD_RUNPATH_SEARCH_PATHS = (
					"$(inherited)",
					"@executable_path/Frameworks",
				);
				PRODUCT_BUNDLE_IDENTIFIER = com.durul.Stormy;
				PRODUCT_NAME = "$(TARGET_NAME)";
				SWIFT_OBJC_BRIDGING_HEADER = "Bridging-Header.h";
				SWIFT_SWIFT3_OBJC_INFERENCE = On;
				SWIFT_VERSION = 4.0;
			};
			name = Debug;
		};
		973F804F19C7867F00AC61CE /* Release */ = {
			isa = XCBuildConfiguration;
			baseConfigurationReference = 2E9796DD1EBBF2BB0073EE93 /* Release.xcconfig */;
			buildSettings = {
				ALWAYS_EMBED_SWIFT_STANDARD_LIBRARIES = YES;
				ASSETCATALOG_COMPILER_APPICON_NAME = AppIcon;
				CODE_SIGN_ENTITLEMENTS = Stormy/Stormy.entitlements;
				CODE_SIGN_IDENTITY = "iPhone Developer";
				FRAMEWORK_SEARCH_PATHS = (
					"$(inherited)",
					"$(PROJECT_DIR)",
				);
				INFOPLIST_FILE = Stormy/Info.plist;
				IPHONEOS_DEPLOYMENT_TARGET = 10.3;
				LD_RUNPATH_SEARCH_PATHS = (
					"$(inherited)",
					"@executable_path/Frameworks",
				);
				PRODUCT_BUNDLE_IDENTIFIER = com.durul.Stormy;
				PRODUCT_NAME = "$(TARGET_NAME)";
				SWIFT_OBJC_BRIDGING_HEADER = "Bridging-Header.h";
				SWIFT_SWIFT3_OBJC_INFERENCE = On;
				SWIFT_VERSION = 4.0;
			};
			name = Release;
		};
/* End XCBuildConfiguration section */

/* Begin XCConfigurationList section */
		2E30140D1D228FCC007082AF /* Build configuration list for PBXNativeTarget "StormyWatch Extension" */ = {
			isa = XCConfigurationList;
			buildConfigurations = (
				2E30140B1D228FCC007082AF /* Debug */,
				2E9796E21EBBF3480073EE93 /* Development */,
				2E30140C1D228FCC007082AF /* Release */,
			);
			defaultConfigurationIsVisible = 0;
			defaultConfigurationName = Release;
		};
		2E30140F1D228FCC007082AF /* Build configuration list for PBXNativeTarget "StormyWatch" */ = {
			isa = XCConfigurationList;
			buildConfigurations = (
				2E3014091D228FCC007082AF /* Debug */,
				2E9796E11EBBF3480073EE93 /* Development */,
				2E30140A1D228FCC007082AF /* Release */,
			);
			defaultConfigurationIsVisible = 0;
			defaultConfigurationName = Release;
		};
		2E3045851EAE4C26005A287D /* Build configuration list for PBXNativeTarget "StormyIntentUI" */ = {
			isa = XCConfigurationList;
			buildConfigurations = (
				2E3045861EAE4C26005A287D /* Debug */,
				2E9796E61EBBF3480073EE93 /* Development */,
				2E3045871EAE4C26005A287D /* Release */,
			);
			defaultConfigurationIsVisible = 0;
			defaultConfigurationName = Release;
		};
		2E3045881EAE4C26005A287D /* Build configuration list for PBXNativeTarget "StormyIntent" */ = {
			isa = XCConfigurationList;
			buildConfigurations = (
				2E3045891EAE4C26005A287D /* Debug */,
				2E9796E51EBBF3480073EE93 /* Development */,
				2E30458A1EAE4C26005A287D /* Release */,
			);
			defaultConfigurationIsVisible = 0;
			defaultConfigurationName = Release;
		};
		2E3646321E8AD5DA00C0151A /* Build configuration list for PBXNativeTarget "Stormy Today" */ = {
			isa = XCConfigurationList;
			buildConfigurations = (
				2E3646301E8AD5DA00C0151A /* Debug */,
				2E9796E41EBBF3480073EE93 /* Development */,
				2E3646311E8AD5DA00C0151A /* Release */,
			);
			defaultConfigurationIsVisible = 0;
			defaultConfigurationName = Release;
		};
		2E8668291D14861400FE044F /* Build configuration list for PBXNativeTarget "StormyTV" */ = {
			isa = XCConfigurationList;
			buildConfigurations = (
				2E86682A1D14861400FE044F /* Debug */,
				2E9796E01EBBF3480073EE93 /* Development */,
				2E86682B1D14861400FE044F /* Release */,
			);
			defaultConfigurationIsVisible = 0;
			defaultConfigurationName = Release;
		};
		2E8D99341E85BC0100D0BB91 /* Build configuration list for PBXNativeTarget "StormyTests" */ = {
			isa = XCConfigurationList;
			buildConfigurations = (
				2E8D99321E85BC0100D0BB91 /* Debug */,
				2E9796E31EBBF3480073EE93 /* Development */,
				2E8D99331E85BC0100D0BB91 /* Release */,
			);
			defaultConfigurationIsVisible = 0;
			defaultConfigurationName = Release;
		};
		973F802919C7867F00AC61CE /* Build configuration list for PBXProject "Stormy" */ = {
			isa = XCConfigurationList;
			buildConfigurations = (
				973F804B19C7867F00AC61CE /* Debug */,
				2E9796DE1EBBF3480073EE93 /* Development */,
				973F804C19C7867F00AC61CE /* Release */,
			);
			defaultConfigurationIsVisible = 0;
			defaultConfigurationName = Release;
		};
		973F804D19C7867F00AC61CE /* Build configuration list for PBXNativeTarget "Stormy" */ = {
			isa = XCConfigurationList;
			buildConfigurations = (
				973F804E19C7867F00AC61CE /* Debug */,
				2E9796DF1EBBF3480073EE93 /* Development */,
				973F804F19C7867F00AC61CE /* Release */,
			);
			defaultConfigurationIsVisible = 0;
			defaultConfigurationName = Release;
		};
/* End XCConfigurationList section */
	};
	rootObject = 973F802619C7867F00AC61CE /* Project object */;
}
